
Microsoft Visual Studio Solution File, Format Version 12.00
# Visual Studio 15
VisualStudioVersion = 15.0.27428.2043
MinimumVisualStudioVersion = 10.0.40219.1
Project("{9A19103F-16F7-4668-BE54-9A1E7A4F7556}") = "Suggested_Actions", "Suggested_Actions\Suggested_Actions.csproj", "{0C04ECC4-EC51-4884-8729-FBF8971B3A78}"
EndProject
Global
	GlobalSection(SolutionConfigurationPlatforms) = preSolution
		Debug|Any CPU = Debug|Any CPU
		Release|Any CPU = Release|Any CPU
	EndGlobalSection
	GlobalSection(ProjectConfigurationPlatforms) = postSolution
		{0C04ECC4-EC51-4884-8729-FBF8971B3A78}.Debug|Any CPU.ActiveCfg = Debug|Any CPU
		{0C04ECC4-EC51-4884-8729-FBF8971B3A78}.Debug|Any CPU.Build.0 = Debug|Any CPU
		{0C04ECC4-EC51-4884-8729-FBF8971B3A78}.Release|Any CPU.ActiveCfg = Release|Any CPU
		{0C04ECC4-EC51-4884-8729-FBF8971B3A78}.Release|Any CPU.Build.0 = Release|Any CPU
	EndGlobalSection
	GlobalSection(SolutionProperties) = preSolution
		HideSolutionNode = FALSE
	EndGlobalSection
	GlobalSection(ExtensibilityGlobals) = postSolution
		SolutionGuid = {80E974F3-ED7D-4002-BD2C-869C6DBAD253}
	EndGlobalSection
EndGlobal
