Microsoft Visual Studio Solution File, Format Version 12.00
# Visual Studio Version 16
VisualStudioVersion = 16.0.30503.244
MinimumVisualStudioVersion = 10.0.40219.1
Project("{9A19103F-16F7-4668-BE54-9A1E7A4F7556}") = "EmptyBot", "EmptyBot\EmptyBot.csproj", "{AFC4C5F3-6347-4FEC-8F6E-A867B5F0F799}"
EndProject
Project("{9A19103F-16F7-4668-BE54-9A1E7A4F7556}") = "Microsoft.BotFramework.Runtime.CustomAction", "CustomAction\Microsoft.BotFramework.Runtime.CustomAction.csproj", "{2B5E9A3A-880D-4DEC-B76E-2AFDA3F05597}"
EndProject
Global
	GlobalSection(SolutionConfigurationPlatforms) = preSolution
		Debug|Any CPU = Debug|Any CPU
		Release|Any CPU = Release|Any CPU
	EndGlobalSection
	GlobalSection(ProjectConfigurationPlatforms) = postSolution
		{AFC4C5F3-6347-4FEC-8F6E-A867B5F0F799}.Debug|Any CPU.ActiveCfg = Debug|Any CPU
		{AFC4C5F3-6347-4FEC-8F6E-A867B5F0F799}.Debug|Any CPU.Build.0 = Debug|Any CPU
		{AFC4C5F3-6347-4FEC-8F6E-A867B5F0F799}.Release|Any CPU.ActiveCfg = Release|Any CPU
		{AFC4C5F3-6347-4FEC-8F6E-A867B5F0F799}.Release|Any CPU.Build.0 = Release|Any CPU
		{2B5E9A3A-880D-4DEC-B76E-2AFDA3F05597}.Debug|Any CPU.ActiveCfg = Debug|Any CPU
		{2B5E9A3A-880D-4DEC-B76E-2AFDA3F05597}.Debug|Any CPU.Build.0 = Debug|Any CPU
		{2B5E9A3A-880D-4DEC-B76E-2AFDA3F05597}.Release|Any CPU.ActiveCfg = Release|Any CPU
		{2B5E9A3A-880D-4DEC-B76E-2AFDA3F05597}.Release|Any CPU.Build.0 = Release|Any CPU
	EndGlobalSection
	GlobalSection(SolutionProperties) = preSolution
		HideSolutionNode = FALSE
	EndGlobalSection
	GlobalSection(ExtensibilityGlobals) = postSolution
		SolutionGuid = {F7AE4B60-19AC-4FE0-A10A-2DF85839870A}
	EndGlobalSection
EndGlobal
