
Microsoft Visual Studio Solution File, Format Version 12.00
# Visual Studio Version 16
VisualStudioVersion = 16.0.29519.181
MinimumVisualStudioVersion = 10.0.40219.1
Project("{9A19103F-16F7-4668-BE54-9A1E7A4F7556}") = "DialogRootBot", "DialogRootBot\DialogRootBot.csproj", "{DA9725F4-10C5-4FEC-A37E-09CDB0F9B47F}"
EndProject
Project("{9A19103F-16F7-4668-BE54-9A1E7A4F7556}") = "DialogSkillBot", "DialogSkillBot\DialogSkillBot.csproj", "{997CE11F-3FB4-4CD9-9B00-46688D618C91}"
EndProject
Project("{2150E333-8FDC-42A3-9474-1A3956D46DE8}") = "Solution Items", "Solution Items", "{AC6F3BE3-D9B6-4BBC-AAEA-DC614595F7AA}"
	ProjectSection(SolutionItems) = preProject
		README.md = README.md
	EndProjectSection
EndProject
Global
	GlobalSection(SolutionConfigurationPlatforms) = preSolution
		Debug|Any CPU = Debug|Any CPU
		Release|Any CPU = Release|Any CPU
	EndGlobalSection
	GlobalSection(ProjectConfigurationPlatforms) = postSolution
		{DA9725F4-10C5-4FEC-A37E-09CDB0F9B47F}.Debug|Any CPU.ActiveCfg = Debug|Any CPU
		{DA9725F4-10C5-4FEC-A37E-09CDB0F9B47F}.Debug|Any CPU.Build.0 = Debug|Any CPU
		{DA9725F4-10C5-4FEC-A37E-09CDB0F9B47F}.Release|Any CPU.ActiveCfg = Release|Any CPU
		{DA9725F4-10C5-4FEC-A37E-09CDB0F9B47F}.Release|Any CPU.Build.0 = Release|Any CPU
		{997CE11F-3FB4-4CD9-9B00-46688D618C91}.Debug|Any CPU.ActiveCfg = Debug|Any CPU
		{997CE11F-3FB4-4CD9-9B00-46688D618C91}.Debug|Any CPU.Build.0 = Debug|Any CPU
		{997CE11F-3FB4-4CD9-9B00-46688D618C91}.Release|Any CPU.ActiveCfg = Release|Any CPU
		{997CE11F-3FB4-4CD9-9B00-46688D618C91}.Release|Any CPU.Build.0 = Release|Any CPU
	EndGlobalSection
	GlobalSection(SolutionProperties) = preSolution
		HideSolutionNode = FALSE
	EndGlobalSection
	GlobalSection(ExtensibilityGlobals) = postSolution
		SolutionGuid = {686868C2-8D3C-479A-B1D3-020F9C227E54}
	EndGlobalSection
EndGlobal
