
Microsoft Visual Studio Solution File, Format Version 12.00
# Visual Studio Version 16
VisualStudioVersion = 16.0.30503.244
MinimumVisualStudioVersion = 10.0.40219.1
Project("{9A19103F-16F7-4668-BE54-9A1E7A4F7556}") = "TodoSample", "TodoSample\TodoSample.csproj", "{7398BCC5-0FCC-4F1A-B35D-3EF3143F55AD}"
EndProject
Global
	GlobalSection(SolutionConfigurationPlatforms) = preSolution
		Debug|Any CPU = Debug|Any CPU
		Release|Any CPU = Release|Any CPU
	EndGlobalSection
	GlobalSection(ProjectConfigurationPlatforms) = postSolution
		{7398BCC5-0FCC-4F1A-B35D-3EF3143F55AD}.Debug|Any CPU.ActiveCfg = Debug|Any CPU
		{7398BCC5-0FCC-4F1A-B35D-3EF3143F55AD}.Debug|Any CPU.Build.0 = Debug|Any CPU
		{7398BCC5-0FCC-4F1A-B35D-3EF3143F55AD}.Release|Any CPU.ActiveCfg = Release|Any CPU
		{7398BCC5-0FCC-4F1A-B35D-3EF3143F55AD}.Release|Any CPU.Build.0 = Release|Any CPU
	EndGlobalSection
	GlobalSection(SolutionProperties) = preSolution
		HideSolutionNode = FALSE
	EndGlobalSection
	GlobalSection(ExtensibilityGlobals) = postSolution
		SolutionGuid = {9AF3C867-A0B8-48BD-ACCF-992E933D2012}
	EndGlobalSection
EndGlobal
