
Microsoft Visual Studio Solution File, Format Version 12.00
# Visual Studio Version 16
VisualStudioVersion = 16.0.29123.88
MinimumVisualStudioVersion = 10.0.40219.1
Project("{9A19103F-16F7-4668-BE54-9A1E7A4F7556}") = "EchoBot", "EchoBot.csproj", "{B18CD866-7E29-498F-88EA-C3B48C96CA7C}"
EndProject
Global
	GlobalSection(SolutionConfigurationPlatforms) = preSolution
		Debug|Any CPU = Debug|Any CPU
		Release|Any CPU = Release|Any CPU
	EndGlobalSection
	GlobalSection(ProjectConfigurationPlatforms) = postSolution
		{B18CD866-7E29-498F-88EA-C3B48C96CA7C}.Debug|Any CPU.ActiveCfg = Debug|Any CPU
		{B18CD866-7E29-498F-88EA-C3B48C96CA7C}.Debug|Any CPU.Build.0 = Debug|Any CPU
		{B18CD866-7E29-498F-88EA-C3B48C96CA7C}.Release|Any CPU.ActiveCfg = Release|Any CPU
		{B18CD866-7E29-498F-88EA-C3B48C96CA7C}.Release|Any CPU.Build.0 = Release|Any CPU
	EndGlobalSection
	GlobalSection(SolutionProperties) = preSolution
		HideSolutionNode = FALSE
	EndGlobalSection
	GlobalSection(ExtensibilityGlobals) = postSolution
		SolutionGuid = {7075E508-599E-421A-A431-696A3E92B2F9}
	EndGlobalSection
EndGlobal
