
Microsoft Visual Studio Solution File, Format Version 12.00
# Visual Studio 15
VisualStudioVersion = 15.0.27428.2027
MinimumVisualStudioVersion = 10.0.40219.1
Project("{9A19103F-16F7-4668-BE54-9A1E7A4F7556}") = "EchoBotWithCounter", "EchoBotWithCounter.csproj", "{BEF11C97-CD48-45EB-943F-68BA14A13FDC}"
EndProject
Global
	GlobalSection(SolutionConfigurationPlatforms) = preSolution
		Debug|Any CPU = Debug|Any CPU
		Release|Any CPU = Release|Any CPU
	EndGlobalSection
	GlobalSection(ProjectConfigurationPlatforms) = postSolution
		{BEF11C97-CD48-45EB-943F-68BA14A13FDC}.Debug|Any CPU.ActiveCfg = Debug|Any CPU
		{BEF11C97-CD48-45EB-943F-68BA14A13FDC}.Debug|Any CPU.Build.0 = Debug|Any CPU
		{BEF11C97-CD48-45EB-943F-68BA14A13FDC}.Release|Any CPU.ActiveCfg = Release|Any CPU
		{BEF11C97-CD48-45EB-943F-68BA14A13FDC}.Release|Any CPU.Build.0 = Release|Any CPU
	EndGlobalSection
	GlobalSection(SolutionProperties) = preSolution
		HideSolutionNode = FALSE
	EndGlobalSection
	GlobalSection(ExtensibilityGlobals) = postSolution
		SolutionGuid = {80A7926C-419C-4A0E-8B66-1A8357515398}
	EndGlobalSection
EndGlobal
