
Microsoft Visual Studio Solution File, Format Version 12.00
# Visual Studio 14
VisualStudioVersion = 14.0.25420.1
MinimumVisualStudioVersion = 10.0.40219.1
Project("{9092AA53-FB77-4645-B42D-1CCCA6BD08BD}") = "Zummer", "Zummer.njsproj", "{E6F0EB92-8103-48F5-AF64-FE9E8EF2B55F}"
EndProject
Global
	GlobalSection(SolutionConfigurationPlatforms) = preSolution
		Debug|Any CPU = Debug|Any CPU
		Release|Any CPU = Release|Any CPU
	EndGlobalSection
	GlobalSection(ProjectConfigurationPlatforms) = postSolution
		{E6F0EB92-8103-48F5-AF64-FE9E8EF2B55F}.Debug|Any CPU.ActiveCfg = Debug|Any CPU
		{E6F0EB92-8103-48F5-AF64-FE9E8EF2B55F}.Debug|Any CPU.Build.0 = Debug|Any CPU
		{E6F0EB92-8103-48F5-AF64-FE9E8EF2B55F}.Release|Any CPU.ActiveCfg = Release|Any CPU
		{E6F0EB92-8103-48F5-AF64-FE9E8EF2B55F}.Release|Any CPU.Build.0 = Release|Any CPU
	EndGlobalSection
	GlobalSection(SolutionProperties) = preSolution
		HideSolutionNode = FALSE
	EndGlobalSection
EndGlobal
