
Microsoft Visual Studio Solution File, Format Version 12.00
# Visual Studio Version 16
VisualStudioVersion = 16.0.30503.244
MinimumVisualStudioVersion = 10.0.40219.1
Project("{9A19103F-16F7-4668-BE54-9A1E7A4F7556}") = "ToDoBotWithLUISSample", "ToDoBotWithLUISSample\ToDoBotWithLUISSample.csproj", "{0FADB905-484D-4E65-81BF-B12DC83B9708}"
EndProject
Global
	GlobalSection(SolutionConfigurationPlatforms) = preSolution
		Debug|Any CPU = Debug|Any CPU
		Release|Any CPU = Release|Any CPU
	EndGlobalSection
	GlobalSection(ProjectConfigurationPlatforms) = postSolution
		{0FADB905-484D-4E65-81BF-B12DC83B9708}.Debug|Any CPU.ActiveCfg = Debug|Any CPU
		{0FADB905-484D-4E65-81BF-B12DC83B9708}.Debug|Any CPU.Build.0 = Debug|Any CPU
		{0FADB905-484D-4E65-81BF-B12DC83B9708}.Release|Any CPU.ActiveCfg = Release|Any CPU
		{0FADB905-484D-4E65-81BF-B12DC83B9708}.Release|Any CPU.Build.0 = Release|Any CPU
	EndGlobalSection
	GlobalSection(SolutionProperties) = preSolution
		HideSolutionNode = FALSE
	EndGlobalSection
	GlobalSection(ExtensibilityGlobals) = postSolution
		SolutionGuid = {0C1D22C8-375B-4C24-A2EC-8B52429D226F}
	EndGlobalSection
EndGlobal
