
Microsoft Visual Studio Solution File, Format Version 12.00
# Visual Studio Version 16
VisualStudioVersion = 16.0.29123.88
MinimumVisualStudioVersion = 10.0.40219.1
Project("{9A19103F-16F7-4668-BE54-9A1E7A4F7556}") = "TeamsEchoBot", "TeamsEchoBot.csproj", "{5FCA1C2F-D6EA-417E-8072-01C34187E302}"
EndProject
Project("{9A19103F-16F7-4668-BE54-9A1E7A4F7556}") = "Microsoft.Bot.Builder.Teams", "..\..\Microsoft.Bot.Builder.Teams\Microsoft.Bot.Builder.Teams.csproj", "{13575E72-7B77-4385-BEE2-3C8C7CB75CE1}"
EndProject
Project("{9A19103F-16F7-4668-BE54-9A1E7A4F7556}") = "Microsoft.Bot.Connector.Teams", "..\..\Microsoft.Bot.Connector.Teams\Microsoft.Bot.Connector.Teams.csproj", "{EB60C358-93CC-4394-8994-CD08A2DEB763}"
EndProject
Project("{9A19103F-16F7-4668-BE54-9A1E7A4F7556}") = "Microsoft.Bot.Schema.Teams", "..\..\Microsoft.Bot.Schema.Teams\Microsoft.Bot.Schema.Teams.csproj", "{E455D49E-3C39-499F-85AC-A3BCF1BC3829}"
EndProject
Global
	GlobalSection(SolutionConfigurationPlatforms) = preSolution
		Debug|Any CPU = Debug|Any CPU
		Release|Any CPU = Release|Any CPU
	EndGlobalSection
	GlobalSection(ProjectConfigurationPlatforms) = postSolution
		{5FCA1C2F-D6EA-417E-8072-01C34187E302}.Debug|Any CPU.ActiveCfg = Debug|Any CPU
		{5FCA1C2F-D6EA-417E-8072-01C34187E302}.Debug|Any CPU.Build.0 = Debug|Any CPU
		{5FCA1C2F-D6EA-417E-8072-01C34187E302}.Release|Any CPU.ActiveCfg = Release|Any CPU
		{5FCA1C2F-D6EA-417E-8072-01C34187E302}.Release|Any CPU.Build.0 = Release|Any CPU
		{13575E72-7B77-4385-BEE2-3C8C7CB75CE1}.Debug|Any CPU.ActiveCfg = Debug|Any CPU
		{13575E72-7B77-4385-BEE2-3C8C7CB75CE1}.Debug|Any CPU.Build.0 = Debug|Any CPU
		{13575E72-7B77-4385-BEE2-3C8C7CB75CE1}.Release|Any CPU.ActiveCfg = Release|Any CPU
		{13575E72-7B77-4385-BEE2-3C8C7CB75CE1}.Release|Any CPU.Build.0 = Release|Any CPU
		{EB60C358-93CC-4394-8994-CD08A2DEB763}.Debug|Any CPU.ActiveCfg = Debug|Any CPU
		{EB60C358-93CC-4394-8994-CD08A2DEB763}.Debug|Any CPU.Build.0 = Debug|Any CPU
		{EB60C358-93CC-4394-8994-CD08A2DEB763}.Release|Any CPU.ActiveCfg = Release|Any CPU
		{EB60C358-93CC-4394-8994-CD08A2DEB763}.Release|Any CPU.Build.0 = Release|Any CPU
		{E455D49E-3C39-499F-85AC-A3BCF1BC3829}.Debug|Any CPU.ActiveCfg = Debug|Any CPU
		{E455D49E-3C39-499F-85AC-A3BCF1BC3829}.Debug|Any CPU.Build.0 = Debug|Any CPU
		{E455D49E-3C39-499F-85AC-A3BCF1BC3829}.Release|Any CPU.ActiveCfg = Release|Any CPU
		{E455D49E-3C39-499F-85AC-A3BCF1BC3829}.Release|Any CPU.Build.0 = Release|Any CPU
	EndGlobalSection
	GlobalSection(SolutionProperties) = preSolution
		HideSolutionNode = FALSE
	EndGlobalSection
	GlobalSection(ExtensibilityGlobals) = postSolution
		SolutionGuid = {3786E4C7-DDBC-4D86-ABED-371AB37B33E6}
	EndGlobalSection
EndGlobal
