
Microsoft Visual Studio Solution File, Format Version 12.00
# Visual Studio Version 16
VisualStudioVersion = 16.0.29123.88
MinimumVisualStudioVersion = 10.0.40219.1
Project("{9A19103F-16F7-4668-BE54-9A1E7A4F7556}") = "ProactiveMessages", "ProactiveMessages.csproj", "{EFD4F102-9215-49F2-BD7E-9156089C9DFF}"
EndProject
Global
	GlobalSection(SolutionConfigurationPlatforms) = preSolution
		Debug|Any CPU = Debug|Any CPU
		Release|Any CPU = Release|Any CPU
	EndGlobalSection
	GlobalSection(ProjectConfigurationPlatforms) = postSolution
		{EFD4F102-9215-49F2-BD7E-9156089C9DFF}.Debug|Any CPU.ActiveCfg = Debug|Any CPU
		{EFD4F102-9215-49F2-BD7E-9156089C9DFF}.Debug|Any CPU.Build.0 = Debug|Any CPU
		{EFD4F102-9215-49F2-BD7E-9156089C9DFF}.Release|Any CPU.ActiveCfg = Release|Any CPU
		{EFD4F102-9215-49F2-BD7E-9156089C9DFF}.Release|Any CPU.Build.0 = Release|Any CPU
	EndGlobalSection
	GlobalSection(SolutionProperties) = preSolution
		HideSolutionNode = FALSE
	EndGlobalSection
	GlobalSection(ExtensibilityGlobals) = postSolution
		SolutionGuid = {67804A2B-E2EB-4E9E-ACF0-A1F653617BC5}
	EndGlobalSection
EndGlobal
