Microsoft Visual Studio Solution File, Format Version 12.00
# Visual Studio Version 16
VisualStudioVersion = 16.0.30503.244
MinimumVisualStudioVersion = 10.0.40219.1
Project("{9A19103F-16F7-4668-BE54-9A1E7A4F7556}") = "CustomAction", "CustomAction\CustomAction.csproj", "{7C149863-B147-4D00-8890-49947D197BB9}"
EndProject
Project("{9A19103F-16F7-4668-BE54-9A1E7A4F7556}") = "Microsoft.Bot.Components.Samples.MultiplyDialog", "MultiplyDialog\Microsoft.Bot.Components.Samples.MultiplyDialog.csproj", "{1F9A7AF8-7825-4753-805A-4FD1C943B518}"
EndProject
Global
	GlobalSection(SolutionConfigurationPlatforms) = preSolution
		Debug|Any CPU = Debug|Any CPU
		Release|Any CPU = Release|Any CPU
	EndGlobalSection
	GlobalSection(ProjectConfigurationPlatforms) = postSolution
		{7C149863-B147-4D00-8890-49947D197BB9}.Debug|Any CPU.ActiveCfg = Debug|Any CPU
		{7C149863-B147-4D00-8890-49947D197BB9}.Debug|Any CPU.Build.0 = Debug|Any CPU
		{7C149863-B147-4D00-8890-49947D197BB9}.Release|Any CPU.ActiveCfg = Release|Any CPU
		{7C149863-B147-4D00-8890-49947D197BB9}.Release|Any CPU.Build.0 = Release|Any CPU
		{1F9A7AF8-7825-4753-805A-4FD1C943B518}.Debug|Any CPU.ActiveCfg = Debug|Any CPU
		{1F9A7AF8-7825-4753-805A-4FD1C943B518}.Debug|Any CPU.Build.0 = Debug|Any CPU
		{1F9A7AF8-7825-4753-805A-4FD1C943B518}.Release|Any CPU.ActiveCfg = Release|Any CPU
		{1F9A7AF8-7825-4753-805A-4FD1C943B518}.Release|Any CPU.Build.0 = Release|Any CPU
	EndGlobalSection
	GlobalSection(SolutionProperties) = preSolution
		HideSolutionNode = FALSE
	EndGlobalSection
	GlobalSection(ExtensibilityGlobals) = postSolution
		SolutionGuid = {17274C20-4217-409B-B76A-959ED5F8E9F0}
	EndGlobalSection
EndGlobal
