
Microsoft Visual Studio Solution File, Format Version 12.00
# Visual Studio 15
VisualStudioVersion = 15.0.27703.2035
MinimumVisualStudioVersion = 10.0.40219.1
Project("{FAE04EC0-301F-11D3-BF4B-00C04F79EFBC}") = "CoreBot", "13.core-bot\CoreBot.csproj", "{3EDFBCFD-B8CB-4C44-95BD-9C0C23269342}"
EndProject
Global
	GlobalSection(SolutionConfigurationPlatforms) = preSolution
		Debug|Any CPU = Debug|Any CPU
		Release|Any CPU = Release|Any CPU
	EndGlobalSection
	GlobalSection(ProjectConfigurationPlatforms) = postSolution
		{3EDFBCFD-B8CB-4C44-95BD-9C0C23269342}.Debug|Any CPU.ActiveCfg = Debug|Any CPU
		{3EDFBCFD-B8CB-4C44-95BD-9C0C23269342}.Debug|Any CPU.Build.0 = Debug|Any CPU
		{3EDFBCFD-B8CB-4C44-95BD-9C0C23269342}.Release|Any CPU.ActiveCfg = Release|Any CPU
		{3EDFBCFD-B8CB-4C44-95BD-9C0C23269342}.Release|Any CPU.Build.0 = Release|Any CPU
	EndGlobalSection
	GlobalSection(SolutionProperties) = preSolution
		HideSolutionNode = FALSE
	EndGlobalSection
	GlobalSection(ExtensibilityGlobals) = postSolution
		SolutionGuid = {EE80DFE5-9541-4A79-86D9-165399255E8E}
	EndGlobalSection
EndGlobal
