
Microsoft Visual Studio Solution File, Format Version 12.00
# Visual Studio Version 16
VisualStudioVersion = 16.0.29123.88
MinimumVisualStudioVersion = 10.0.40219.1
Project("{9A19103F-16F7-4668-BE54-9A1E7A4F7556}") = "HandoffBot", "samples\Microsoft.Bot.Builder.HandoffBot\HandoffBot.csproj", "{810315D3-5038-496D-A506-9603C2EA8897}"
EndProject
Global
	GlobalSection(SolutionConfigurationPlatforms) = preSolution
		Debug|Any CPU = Debug|Any CPU
		Release|Any CPU = Release|Any CPU
	EndGlobalSection
	GlobalSection(ProjectConfigurationPlatforms) = postSolution
		{810315D3-5038-496D-A506-9603C2EA8897}.Debug|Any CPU.ActiveCfg = Debug|Any CPU
		{810315D3-5038-496D-A506-9603C2EA8897}.Debug|Any CPU.Build.0 = Debug|Any CPU
		{810315D3-5038-496D-A506-9603C2EA8897}.Release|Any CPU.ActiveCfg = Release|Any CPU
		{810315D3-5038-496D-A506-9603C2EA8897}.Release|Any CPU.Build.0 = Release|Any CPU
	EndGlobalSection
	GlobalSection(SolutionProperties) = preSolution
		HideSolutionNode = FALSE
	EndGlobalSection
	GlobalSection(ExtensibilityGlobals) = postSolution
		SolutionGuid = {9DBB8412-EDF8-4829-A4B3-435F192C4699}
	EndGlobalSection
EndGlobal
