
Microsoft Visual Studio Solution File, Format Version 12.00
# Visual Studio Version 16
VisualStudioVersion = 16.0.29009.5
MinimumVisualStudioVersion = 10.0.40219.1
Project("{9A19103F-16F7-4668-BE54-9A1E7A4F7556}") = "Console-EchoBot", "01.console-echo\Console-EchoBot.csproj", "{ECFF9720-28CF-4F7D-896B-DA489D1032EA}"
EndProject
Project("{9A19103F-16F7-4668-BE54-9A1E7A4F7556}") = "WelcomeUser", "03.welcome-user\WelcomeUser.csproj", "{AD38EDAD-B5FC-4B2E-A694-D400C6762E9B}"
EndProject
Project("{9A19103F-16F7-4668-BE54-9A1E7A4F7556}") = "MultiTurnPromptBot", "05.multi-turn-prompt\MultiTurnPromptBot.csproj", "{659205BF-9F82-41C9-AA06-A172A49B0E66}"
EndProject
Project("{9A19103F-16F7-4668-BE54-9A1E7A4F7556}") = "CardsBot", "06.using-cards\CardsBot.csproj", "{E22F5D35-A2AF-4F0E-96E6-98250CFF177A}"
EndProject
Project("{9A19103F-16F7-4668-BE54-9A1E7A4F7556}") = "AdaptiveCardsBot", "07.using-adaptive-cards\AdaptiveCardsBot.csproj", "{3C74E98C-E924-4C3A-AD61-B5AC95C68651}"
EndProject
Project("{9A19103F-16F7-4668-BE54-9A1E7A4F7556}") = "SuggestedActionsBot", "08.suggested-actions\SuggestedActionsBot.csproj", "{9C70CB81-4403-41B8-ABB8-72497061DDB0}"
EndProject
Project("{9A19103F-16F7-4668-BE54-9A1E7A4F7556}") = "QnABot", "11.qnamaker\QnABot.csproj", "{E8A19507-8EB5-4B37-B592-AB8316283A6F}"
EndProject
Project("{9A19103F-16F7-4668-BE54-9A1E7A4F7556}") = "CoreBot", "13.core-bot\CoreBot.csproj", "{8FAE502C-68A1-47E8-9761-BCEA491BA4AA}"
EndProject
Project("{9A19103F-16F7-4668-BE54-9A1E7A4F7556}") = "NLP-With-Dispatch-Bot", "14.nlp-with-dispatch\NLP-With-Dispatch-Bot.csproj", "{C1709610-3DEC-457F-B6CA-227F7E7DAC63}"
EndProject
Project("{9A19103F-16F7-4668-BE54-9A1E7A4F7556}") = "HandlingAttachmentsBot", "15.handling-attachments\HandlingAttachmentsBot.csproj", "{7E6046AF-DBF2-40E2-8ABA-A0537F76695A}"
EndProject
Project("{9A19103F-16F7-4668-BE54-9A1E7A4F7556}") = "ProactiveBot", "16.proactive-messages\ProactiveBot.csproj", "{79D2CAED-880B-4FAE-8777-5A37606E5F48}"
EndProject
Project("{9A19103F-16F7-4668-BE54-9A1E7A4F7556}") = "MultiLingualBot", "17.multilingual-bot\MultiLingualBot.csproj", "{542DC5D2-4587-4D7B-8416-5DABFDBC36CD}"
EndProject
Project("{9A19103F-16F7-4668-BE54-9A1E7A4F7556}") = "AuthenticationBot", "18.bot-authentication\AuthenticationBot.csproj", "{F858B0CA-16DC-40CF-8663-5D277992BA54}"
EndProject
Project("{9A19103F-16F7-4668-BE54-9A1E7A4F7556}") = "Custom-Dialogs", "19.custom-dialogs\Custom-Dialogs.csproj", "{9C086713-E88C-4B1F-9AC9-A026064EED88}"
EndProject
Project("{9A19103F-16F7-4668-BE54-9A1E7A4F7556}") = "Facebook-Events-Bot", "23.facebook-events\Facebook-Events-Bot.csproj", "{F1F85057-BAFA-46E2-830C-36060270659F}"
EndProject
Project("{9A19103F-16F7-4668-BE54-9A1E7A4F7556}") = "BotAuthenticationMSGraph", "24.bot-authentication-msgraph\BotAuthenticationMSGraph.csproj", "{3434227D-B8F8-41D0-8465-310099349C61}"
EndProject
Project("{9A19103F-16F7-4668-BE54-9A1E7A4F7556}") = "Timex-Resolution", "40.timex-resolution\Timex-Resolution.csproj", "{C5C9A149-032E-429B-B4BC-CCF71A349946}"
EndProject
Project("{9A19103F-16F7-4668-BE54-9A1E7A4F7556}") = "ScaleoutBot", "42.scaleout\ScaleoutBot.csproj", "{F0C62727-49E2-4DAB-984A-1038A9A9990A}"
EndProject
Project("{9A19103F-16F7-4668-BE54-9A1E7A4F7556}") = "ComplexDialogBot", "43.complex-dialog\ComplexDialogBot.csproj", "{E6FA3CCF-D83B-4264-BC9D-9D1D21F07E85}"
EndProject
Project("{9A19103F-16F7-4668-BE54-9A1E7A4F7556}") = "PromptUsersForInput", "44.prompt-users-for-input\PromptUsersForInput.csproj", "{F2E3F5D1-540C-48A0-B0EA-3892292D6FED}"
EndProject
Project("{9A19103F-16F7-4668-BE54-9A1E7A4F7556}") = "StateMangementBot", "45.state-management\StateMangementBot.csproj", "{4168B365-5401-447D-A93D-310FC4126B3C}"
EndProject
Project("{9A19103F-16F7-4668-BE54-9A1E7A4F7556}") = "EchoBot", "02.echo-bot\EchoBot.csproj", "{586D7BC9-1A3B-4056-BD34-E83242524822}"
EndProject
Project("{9A19103F-16F7-4668-BE54-9A1E7A4F7556}") = "CoreBot.Tests", "13.core-bot.tests\CoreBot.Tests.csproj", "{C41395BA-3343-45A4-8C03-7AFF94B9F3B2}"
EndProject
Project("{9A19103F-16F7-4668-BE54-9A1E7A4F7556}") = "Teams", "46.teams\Teams.csproj", "{07222D69-66F9-462E-9BBD-43770579697A}"
EndProject
Global
	GlobalSection(SolutionConfigurationPlatforms) = preSolution
		Debug|Any CPU = Debug|Any CPU
		Release|Any CPU = Release|Any CPU
	EndGlobalSection
	GlobalSection(ProjectConfigurationPlatforms) = postSolution
		{ECFF9720-28CF-4F7D-896B-DA489D1032EA}.Debug|Any CPU.ActiveCfg = Debug|Any CPU
		{ECFF9720-28CF-4F7D-896B-DA489D1032EA}.Debug|Any CPU.Build.0 = Debug|Any CPU
		{ECFF9720-28CF-4F7D-896B-DA489D1032EA}.Release|Any CPU.ActiveCfg = Release|Any CPU
		{ECFF9720-28CF-4F7D-896B-DA489D1032EA}.Release|Any CPU.Build.0 = Release|Any CPU
		{AD38EDAD-B5FC-4B2E-A694-D400C6762E9B}.Debug|Any CPU.ActiveCfg = Debug|Any CPU
		{AD38EDAD-B5FC-4B2E-A694-D400C6762E9B}.Debug|Any CPU.Build.0 = Debug|Any CPU
		{AD38EDAD-B5FC-4B2E-A694-D400C6762E9B}.Release|Any CPU.ActiveCfg = Release|Any CPU
		{AD38EDAD-B5FC-4B2E-A694-D400C6762E9B}.Release|Any CPU.Build.0 = Release|Any CPU
		{659205BF-9F82-41C9-AA06-A172A49B0E66}.Debug|Any CPU.ActiveCfg = Debug|Any CPU
		{659205BF-9F82-41C9-AA06-A172A49B0E66}.Debug|Any CPU.Build.0 = Debug|Any CPU
		{659205BF-9F82-41C9-AA06-A172A49B0E66}.Release|Any CPU.ActiveCfg = Release|Any CPU
		{659205BF-9F82-41C9-AA06-A172A49B0E66}.Release|Any CPU.Build.0 = Release|Any CPU
		{E22F5D35-A2AF-4F0E-96E6-98250CFF177A}.Debug|Any CPU.ActiveCfg = Debug|Any CPU
		{E22F5D35-A2AF-4F0E-96E6-98250CFF177A}.Debug|Any CPU.Build.0 = Debug|Any CPU
		{E22F5D35-A2AF-4F0E-96E6-98250CFF177A}.Release|Any CPU.ActiveCfg = Release|Any CPU
		{E22F5D35-A2AF-4F0E-96E6-98250CFF177A}.Release|Any CPU.Build.0 = Release|Any CPU
		{3C74E98C-E924-4C3A-AD61-B5AC95C68651}.Debug|Any CPU.ActiveCfg = Debug|Any CPU
		{3C74E98C-E924-4C3A-AD61-B5AC95C68651}.Debug|Any CPU.Build.0 = Debug|Any CPU
		{3C74E98C-E924-4C3A-AD61-B5AC95C68651}.Release|Any CPU.ActiveCfg = Release|Any CPU
		{3C74E98C-E924-4C3A-AD61-B5AC95C68651}.Release|Any CPU.Build.0 = Release|Any CPU
		{9C70CB81-4403-41B8-ABB8-72497061DDB0}.Debug|Any CPU.ActiveCfg = Debug|Any CPU
		{9C70CB81-4403-41B8-ABB8-72497061DDB0}.Debug|Any CPU.Build.0 = Debug|Any CPU
		{9C70CB81-4403-41B8-ABB8-72497061DDB0}.Release|Any CPU.ActiveCfg = Release|Any CPU
		{9C70CB81-4403-41B8-ABB8-72497061DDB0}.Release|Any CPU.Build.0 = Release|Any CPU
		{E8A19507-8EB5-4B37-B592-AB8316283A6F}.Debug|Any CPU.ActiveCfg = Debug|Any CPU
		{E8A19507-8EB5-4B37-B592-AB8316283A6F}.Debug|Any CPU.Build.0 = Debug|Any CPU
		{E8A19507-8EB5-4B37-B592-AB8316283A6F}.Release|Any CPU.ActiveCfg = Release|Any CPU
		{E8A19507-8EB5-4B37-B592-AB8316283A6F}.Release|Any CPU.Build.0 = Release|Any CPU
		{8FAE502C-68A1-47E8-9761-BCEA491BA4AA}.Debug|Any CPU.ActiveCfg = Debug|Any CPU
		{8FAE502C-68A1-47E8-9761-BCEA491BA4AA}.Debug|Any CPU.Build.0 = Debug|Any CPU
		{8FAE502C-68A1-47E8-9761-BCEA491BA4AA}.Release|Any CPU.ActiveCfg = Release|Any CPU
		{8FAE502C-68A1-47E8-9761-BCEA491BA4AA}.Release|Any CPU.Build.0 = Release|Any CPU
		{C1709610-3DEC-457F-B6CA-227F7E7DAC63}.Debug|Any CPU.ActiveCfg = Debug|Any CPU
		{C1709610-3DEC-457F-B6CA-227F7E7DAC63}.Debug|Any CPU.Build.0 = Debug|Any CPU
		{C1709610-3DEC-457F-B6CA-227F7E7DAC63}.Release|Any CPU.ActiveCfg = Release|Any CPU
		{C1709610-3DEC-457F-B6CA-227F7E7DAC63}.Release|Any CPU.Build.0 = Release|Any CPU
		{7E6046AF-DBF2-40E2-8ABA-A0537F76695A}.Debug|Any CPU.ActiveCfg = Debug|Any CPU
		{7E6046AF-DBF2-40E2-8ABA-A0537F76695A}.Debug|Any CPU.Build.0 = Debug|Any CPU
		{7E6046AF-DBF2-40E2-8ABA-A0537F76695A}.Release|Any CPU.ActiveCfg = Release|Any CPU
		{7E6046AF-DBF2-40E2-8ABA-A0537F76695A}.Release|Any CPU.Build.0 = Release|Any CPU
		{79D2CAED-880B-4FAE-8777-5A37606E5F48}.Debug|Any CPU.ActiveCfg = Debug|Any CPU
		{79D2CAED-880B-4FAE-8777-5A37606E5F48}.Debug|Any CPU.Build.0 = Debug|Any CPU
		{79D2CAED-880B-4FAE-8777-5A37606E5F48}.Release|Any CPU.ActiveCfg = Release|Any CPU
		{79D2CAED-880B-4FAE-8777-5A37606E5F48}.Release|Any CPU.Build.0 = Release|Any CPU
		{542DC5D2-4587-4D7B-8416-5DABFDBC36CD}.Debug|Any CPU.ActiveCfg = Debug|Any CPU
		{542DC5D2-4587-4D7B-8416-5DABFDBC36CD}.Debug|Any CPU.Build.0 = Debug|Any CPU
		{542DC5D2-4587-4D7B-8416-5DABFDBC36CD}.Release|Any CPU.ActiveCfg = Release|Any CPU
		{542DC5D2-4587-4D7B-8416-5DABFDBC36CD}.Release|Any CPU.Build.0 = Release|Any CPU
		{F858B0CA-16DC-40CF-8663-5D277992BA54}.Debug|Any CPU.ActiveCfg = Debug|Any CPU
		{F858B0CA-16DC-40CF-8663-5D277992BA54}.Debug|Any CPU.Build.0 = Debug|Any CPU
		{F858B0CA-16DC-40CF-8663-5D277992BA54}.Release|Any CPU.ActiveCfg = Release|Any CPU
		{F858B0CA-16DC-40CF-8663-5D277992BA54}.Release|Any CPU.Build.0 = Release|Any CPU
		{9C086713-E88C-4B1F-9AC9-A026064EED88}.Debug|Any CPU.ActiveCfg = Debug|Any CPU
		{9C086713-E88C-4B1F-9AC9-A026064EED88}.Debug|Any CPU.Build.0 = Debug|Any CPU
		{9C086713-E88C-4B1F-9AC9-A026064EED88}.Release|Any CPU.ActiveCfg = Release|Any CPU
		{9C086713-E88C-4B1F-9AC9-A026064EED88}.Release|Any CPU.Build.0 = Release|Any CPU
		{F1F85057-BAFA-46E2-830C-36060270659F}.Debug|Any CPU.ActiveCfg = Debug|Any CPU
		{F1F85057-BAFA-46E2-830C-36060270659F}.Debug|Any CPU.Build.0 = Debug|Any CPU
		{F1F85057-BAFA-46E2-830C-36060270659F}.Release|Any CPU.ActiveCfg = Release|Any CPU
		{F1F85057-BAFA-46E2-830C-36060270659F}.Release|Any CPU.Build.0 = Release|Any CPU
		{3434227D-B8F8-41D0-8465-310099349C61}.Debug|Any CPU.ActiveCfg = Debug|Any CPU
		{3434227D-B8F8-41D0-8465-310099349C61}.Debug|Any CPU.Build.0 = Debug|Any CPU
		{3434227D-B8F8-41D0-8465-310099349C61}.Release|Any CPU.ActiveCfg = Release|Any CPU
		{3434227D-B8F8-41D0-8465-310099349C61}.Release|Any CPU.Build.0 = Release|Any CPU
		{C5C9A149-032E-429B-B4BC-CCF71A349946}.Debug|Any CPU.ActiveCfg = Debug|Any CPU
		{C5C9A149-032E-429B-B4BC-CCF71A349946}.Debug|Any CPU.Build.0 = Debug|Any CPU
		{C5C9A149-032E-429B-B4BC-CCF71A349946}.Release|Any CPU.ActiveCfg = Release|Any CPU
		{C5C9A149-032E-429B-B4BC-CCF71A349946}.Release|Any CPU.Build.0 = Release|Any CPU
		{F0C62727-49E2-4DAB-984A-1038A9A9990A}.Debug|Any CPU.ActiveCfg = Debug|Any CPU
		{F0C62727-49E2-4DAB-984A-1038A9A9990A}.Debug|Any CPU.Build.0 = Debug|Any CPU
		{F0C62727-49E2-4DAB-984A-1038A9A9990A}.Release|Any CPU.ActiveCfg = Release|Any CPU
		{F0C62727-49E2-4DAB-984A-1038A9A9990A}.Release|Any CPU.Build.0 = Release|Any CPU
		{E6FA3CCF-D83B-4264-BC9D-9D1D21F07E85}.Debug|Any CPU.ActiveCfg = Debug|Any CPU
		{E6FA3CCF-D83B-4264-BC9D-9D1D21F07E85}.Debug|Any CPU.Build.0 = Debug|Any CPU
		{E6FA3CCF-D83B-4264-BC9D-9D1D21F07E85}.Release|Any CPU.ActiveCfg = Release|Any CPU
		{E6FA3CCF-D83B-4264-BC9D-9D1D21F07E85}.Release|Any CPU.Build.0 = Release|Any CPU
		{F2E3F5D1-540C-48A0-B0EA-3892292D6FED}.Debug|Any CPU.ActiveCfg = Debug|Any CPU
		{F2E3F5D1-540C-48A0-B0EA-3892292D6FED}.Debug|Any CPU.Build.0 = Debug|Any CPU
		{F2E3F5D1-540C-48A0-B0EA-3892292D6FED}.Release|Any CPU.ActiveCfg = Release|Any CPU
		{F2E3F5D1-540C-48A0-B0EA-3892292D6FED}.Release|Any CPU.Build.0 = Release|Any CPU
		{4168B365-5401-447D-A93D-310FC4126B3C}.Debug|Any CPU.ActiveCfg = Debug|Any CPU
		{4168B365-5401-447D-A93D-310FC4126B3C}.Debug|Any CPU.Build.0 = Debug|Any CPU
		{4168B365-5401-447D-A93D-310FC4126B3C}.Release|Any CPU.ActiveCfg = Release|Any CPU
		{4168B365-5401-447D-A93D-310FC4126B3C}.Release|Any CPU.Build.0 = Release|Any CPU
		{586D7BC9-1A3B-4056-BD34-E83242524822}.Debug|Any CPU.ActiveCfg = Debug|Any CPU
		{586D7BC9-1A3B-4056-BD34-E83242524822}.Debug|Any CPU.Build.0 = Debug|Any CPU
		{586D7BC9-1A3B-4056-BD34-E83242524822}.Release|Any CPU.ActiveCfg = Release|Any CPU
		{586D7BC9-1A3B-4056-BD34-E83242524822}.Release|Any CPU.Build.0 = Release|Any CPU
		{C41395BA-3343-45A4-8C03-7AFF94B9F3B2}.Debug|Any CPU.ActiveCfg = Debug|Any CPU
		{C41395BA-3343-45A4-8C03-7AFF94B9F3B2}.Debug|Any CPU.Build.0 = Debug|Any CPU
		{C41395BA-3343-45A4-8C03-7AFF94B9F3B2}.Release|Any CPU.ActiveCfg = Release|Any CPU
		{C41395BA-3343-45A4-8C03-7AFF94B9F3B2}.Release|Any CPU.Build.0 = Release|Any CPU
		{07222D69-66F9-462E-9BBD-43770579697A}.Debug|Any CPU.ActiveCfg = Debug|Any CPU
		{07222D69-66F9-462E-9BBD-43770579697A}.Debug|Any CPU.Build.0 = Debug|Any CPU
		{07222D69-66F9-462E-9BBD-43770579697A}.Release|Any CPU.ActiveCfg = Release|Any CPU
		{07222D69-66F9-462E-9BBD-43770579697A}.Release|Any CPU.Build.0 = Release|Any CPU
	EndGlobalSection
	GlobalSection(SolutionProperties) = preSolution
		HideSolutionNode = FALSE
	EndGlobalSection
	GlobalSection(ExtensibilityGlobals) = postSolution
		SolutionGuid = {6AF4AF72-D00E-45C4-B3B2-E30FBE53245A}
	EndGlobalSection
EndGlobal
