
Microsoft Visual Studio Solution File, Format Version 12.00
# Visual Studio 15
Project("{FAE04EC0-301F-11D3-BF4B-00C04F79EFBC}") = "DialogSkillBot", "DialogSkillBot.csproj", "{9638BAC5-0822-4A6A-A757-88FAB4970FCA}"
EndProject
Global
	GlobalSection(SolutionConfigurationPlatforms) = preSolution
		Debug|Any CPU = Debug|Any CPU
		Release|Any CPU = Release|Any CPU
	EndGlobalSection
	GlobalSection(ProjectConfigurationPlatforms) = postSolution
		{9638BAC5-0822-4A6A-A757-88FAB4970FCA}.Debug|Any CPU.ActiveCfg = Debug|Any CPU
		{9638BAC5-0822-4A6A-A757-88FAB4970FCA}.Debug|Any CPU.Build.0 = Debug|Any CPU
		{9638BAC5-0822-4A6A-A757-88FAB4970FCA}.Release|Any CPU.ActiveCfg = Release|Any CPU
		{9638BAC5-0822-4A6A-A757-88FAB4970FCA}.Release|Any CPU.Build.0 = Release|Any CPU
	EndGlobalSection
EndGlobal
