
Microsoft Visual Studio Solution File, Format Version 12.00
# Visual Studio 15
VisualStudioVersion = 15.0.26730.12
MinimumVisualStudioVersion = 10.0.40219.1
Project("{FAE04EC0-301F-11D3-BF4B-00C04F79EFBC}") = "BotBuilderTemplatesVSIX", "BotBuilderTemplatesVSIX.csproj", "{2BC10592-C529-4C5E-A9B3-8EF3A830B510}"
EndProject
Global
	GlobalSection(SolutionConfigurationPlatforms) = preSolution
		Debug|Any CPU = Debug|Any CPU
		Release|Any CPU = Release|Any CPU
		Template|Any CPU = Template|Any CPU
	EndGlobalSection
	GlobalSection(ProjectConfigurationPlatforms) = postSolution
		{2BC10592-C529-4C5E-A9B3-8EF3A830B510}.Debug|Any CPU.ActiveCfg = Debug|Any CPU
		{2BC10592-C529-4C5E-A9B3-8EF3A830B510}.Debug|Any CPU.Build.0 = Debug|Any CPU
		{2BC10592-C529-4C5E-A9B3-8EF3A830B510}.Release|Any CPU.ActiveCfg = Release|Any CPU
		{2BC10592-C529-4C5E-A9B3-8EF3A830B510}.Release|Any CPU.Build.0 = Release|Any CPU
		{2BC10592-C529-4C5E-A9B3-8EF3A830B510}.Template|Any CPU.ActiveCfg = Release|Any CPU
		{2BC10592-C529-4C5E-A9B3-8EF3A830B510}.Template|Any CPU.Build.0 = Release|Any CPU
	EndGlobalSection
	GlobalSection(SolutionProperties) = preSolution
		HideSolutionNode = FALSE
	EndGlobalSection
	GlobalSection(ExtensibilityGlobals) = postSolution
		SolutionGuid = {446169A7-CB0E-474E-8D67-DF934F98EB03}
	EndGlobalSection
EndGlobal
