
Microsoft Visual Studio Solution File, Format Version 12.00
# Visual Studio 15
VisualStudioVersion = 15.0.28307.106
MinimumVisualStudioVersion = 10.0.40219.1
Project("{FAE04EC0-301F-11D3-BF4B-00C04F79EFBC}") = "DialogsTemplate", "DialogsTemplate\DialogsTemplate.csproj", "{930D23BD-567D-46C4-A48B-BB7175125CC8}"
EndProject
Project("{FAE04EC0-301F-11D3-BF4B-00C04F79EFBC}") = "DialogsTemplateVSIX", "DialogsTemplateVSIX\DialogsTemplateVSIX.csproj", "{7443A7FA-F18E-4905-B373-52E9BA296B7C}"
EndProject
Global
	GlobalSection(SolutionConfigurationPlatforms) = preSolution
		Debug|Any CPU = Debug|Any CPU
		Release|Any CPU = Release|Any CPU
	EndGlobalSection
	GlobalSection(ProjectConfigurationPlatforms) = postSolution
		{930D23BD-567D-46C4-A48B-BB7175125CC8}.Debug|Any CPU.ActiveCfg = Debug|Any CPU
		{930D23BD-567D-46C4-A48B-BB7175125CC8}.Debug|Any CPU.Build.0 = Debug|Any CPU
		{930D23BD-567D-46C4-A48B-BB7175125CC8}.Release|Any CPU.ActiveCfg = Release|Any CPU
		{930D23BD-567D-46C4-A48B-BB7175125CC8}.Release|Any CPU.Build.0 = Release|Any CPU
		{7443A7FA-F18E-4905-B373-52E9BA296B7C}.Debug|Any CPU.ActiveCfg = Debug|Any CPU
		{7443A7FA-F18E-4905-B373-52E9BA296B7C}.Debug|Any CPU.Build.0 = Debug|Any CPU
		{7443A7FA-F18E-4905-B373-52E9BA296B7C}.Release|Any CPU.ActiveCfg = Release|Any CPU
		{7443A7FA-F18E-4905-B373-52E9BA296B7C}.Release|Any CPU.Build.0 = Release|Any CPU
	EndGlobalSection
	GlobalSection(SolutionProperties) = preSolution
		HideSolutionNode = FALSE
	EndGlobalSection
	GlobalSection(ExtensibilityGlobals) = postSolution
		SolutionGuid = {41447599-386B-4C9E-97FC-368E28756E4E}
	EndGlobalSection
EndGlobal
