
Microsoft Visual Studio Solution File, Format Version 12.00
# Visual Studio Version 16
VisualStudioVersion = 16.0.31229.75
MinimumVisualStudioVersion = 10.0.40219.1
Project("{FAE04EC0-301F-11D3-BF4B-00C04F79EFBC}") = "Microsoft.Form.Extensions", "Microsoft.Form.Extensions\Microsoft.Form.Extensions.csproj", "{8BE9A2AB-47A7-4136-9112-E8BB17BB5BD6}"
EndProject
Project("{FAE04EC0-301F-11D3-BF4B-00C04F79EFBC}") = "Tests", "Tests\Tests.csproj", "{B77EDC38-A315-438A-8F34-53B3003DAD98}"
EndProject
Global
	GlobalSection(SolutionConfigurationPlatforms) = preSolution
		Debug|Any CPU = Debug|Any CPU
		Release|Any CPU = Release|Any CPU
	EndGlobalSection
	GlobalSection(ProjectConfigurationPlatforms) = postSolution
		{8BE9A2AB-47A7-4136-9112-E8BB17BB5BD6}.Debug|Any CPU.ActiveCfg = Debug|Any CPU
		{8BE9A2AB-47A7-4136-9112-E8BB17BB5BD6}.Debug|Any CPU.Build.0 = Debug|Any CPU
		{8BE9A2AB-47A7-4136-9112-E8BB17BB5BD6}.Release|Any CPU.ActiveCfg = Release|Any CPU
		{8BE9A2AB-47A7-4136-9112-E8BB17BB5BD6}.Release|Any CPU.Build.0 = Release|Any CPU
		{B77EDC38-A315-438A-8F34-53B3003DAD98}.Debug|Any CPU.ActiveCfg = Debug|Any CPU
		{B77EDC38-A315-438A-8F34-53B3003DAD98}.Debug|Any CPU.Build.0 = Debug|Any CPU
		{B77EDC38-A315-438A-8F34-53B3003DAD98}.Release|Any CPU.ActiveCfg = Release|Any CPU
		{B77EDC38-A315-438A-8F34-53B3003DAD98}.Release|Any CPU.Build.0 = Release|Any CPU
	EndGlobalSection
	GlobalSection(SolutionProperties) = preSolution
		HideSolutionNode = FALSE
	EndGlobalSection
	GlobalSection(ExtensibilityGlobals) = postSolution
		SolutionGuid = {C168C6C9-7BA0-4222-8DCA-E608B1ECDA23}
	EndGlobalSection
EndGlobal
