
Microsoft Visual Studio Solution File, Format Version 12.00
# Visual Studio 15
VisualStudioVersion = 15.0.28307.705
MinimumVisualStudioVersion = 10.0.40219.1
Project("{9A19103F-16F7-4668-BE54-9A1E7A4F7556}") = "TeamsAuth", "TeamsAuth.csproj", "{EF1C4546-7E7F-4C97-8A3A-D76758F4FF5C}"
EndProject
Project("{9A19103F-16F7-4668-BE54-9A1E7A4F7556}") = "Microsoft.Bot.Schema.Teams", "..\..\Microsoft.Bot.Schema.Teams\Microsoft.Bot.Schema.Teams.csproj", "{C0CD60DC-55CB-45DB-84E5-CD5B205C4A57}"
EndProject
Project("{9A19103F-16F7-4668-BE54-9A1E7A4F7556}") = "Microsoft.Bot.Connector.Teams", "..\..\Microsoft.Bot.Connector.Teams\Microsoft.Bot.Connector.Teams.csproj", "{5F7C599A-22A3-4510-8228-A3A825A2BB83}"
EndProject
Project("{9A19103F-16F7-4668-BE54-9A1E7A4F7556}") = "Microsoft.Bot.Builder.Teams", "..\..\Microsoft.Bot.Builder.Teams\Microsoft.Bot.Builder.Teams.csproj", "{650C14C6-4258-495C-8989-ABB100985E87}"
EndProject
Global
	GlobalSection(SolutionConfigurationPlatforms) = preSolution
		Debug|Any CPU = Debug|Any CPU
		Release|Any CPU = Release|Any CPU
	EndGlobalSection
	GlobalSection(ProjectConfigurationPlatforms) = postSolution
		{EF1C4546-7E7F-4C97-8A3A-D76758F4FF5C}.Debug|Any CPU.ActiveCfg = Debug|Any CPU
		{EF1C4546-7E7F-4C97-8A3A-D76758F4FF5C}.Debug|Any CPU.Build.0 = Debug|Any CPU
		{EF1C4546-7E7F-4C97-8A3A-D76758F4FF5C}.Release|Any CPU.ActiveCfg = Release|Any CPU
		{EF1C4546-7E7F-4C97-8A3A-D76758F4FF5C}.Release|Any CPU.Build.0 = Release|Any CPU
		{C0CD60DC-55CB-45DB-84E5-CD5B205C4A57}.Debug|Any CPU.ActiveCfg = Debug|Any CPU
		{C0CD60DC-55CB-45DB-84E5-CD5B205C4A57}.Debug|Any CPU.Build.0 = Debug|Any CPU
		{C0CD60DC-55CB-45DB-84E5-CD5B205C4A57}.Release|Any CPU.ActiveCfg = Release|Any CPU
		{C0CD60DC-55CB-45DB-84E5-CD5B205C4A57}.Release|Any CPU.Build.0 = Release|Any CPU
		{5F7C599A-22A3-4510-8228-A3A825A2BB83}.Debug|Any CPU.ActiveCfg = Debug|Any CPU
		{5F7C599A-22A3-4510-8228-A3A825A2BB83}.Debug|Any CPU.Build.0 = Debug|Any CPU
		{5F7C599A-22A3-4510-8228-A3A825A2BB83}.Release|Any CPU.ActiveCfg = Release|Any CPU
		{5F7C599A-22A3-4510-8228-A3A825A2BB83}.Release|Any CPU.Build.0 = Release|Any CPU
		{650C14C6-4258-495C-8989-ABB100985E87}.Debug|Any CPU.ActiveCfg = Debug|Any CPU
		{650C14C6-4258-495C-8989-ABB100985E87}.Debug|Any CPU.Build.0 = Debug|Any CPU
		{650C14C6-4258-495C-8989-ABB100985E87}.Release|Any CPU.ActiveCfg = Release|Any CPU
		{650C14C6-4258-495C-8989-ABB100985E87}.Release|Any CPU.Build.0 = Release|Any CPU
	EndGlobalSection
	GlobalSection(SolutionProperties) = preSolution
		HideSolutionNode = FALSE
	EndGlobalSection
	GlobalSection(ExtensibilityGlobals) = postSolution
		SolutionGuid = {6D94EAC2-F323-426D-9FA2-921E1F6602DE}
	EndGlobalSection
EndGlobal
