
Microsoft Visual Studio Solution File, Format Version 12.00
# Visual Studio Version 16
VisualStudioVersion = 16.0.28803.156
MinimumVisualStudioVersion = 10.0.40219.1
Project("{9A19103F-16F7-4668-BE54-9A1E7A4F7556}") = "EchoBot", "10.EchoBot\EchoBot.csproj", "{FC64F80E-2BEA-44B7-9D08-8F7B01802C99}"
EndProject
Project("{9A19103F-16F7-4668-BE54-9A1E7A4F7556}") = "AdaptiveBot", "60.AdaptiveBot\AdaptiveBot.csproj", "{C34E1A09-FF28-4F62-89C3-053D9B4F8BCE}"
EndProject
Global
	GlobalSection(SolutionConfigurationPlatforms) = preSolution
		Debug|Any CPU = Debug|Any CPU
		Release|Any CPU = Release|Any CPU
	EndGlobalSection
	GlobalSection(ProjectConfigurationPlatforms) = postSolution
		{FC64F80E-2BEA-44B7-9D08-8F7B01802C99}.Debug|Any CPU.ActiveCfg = Debug|Any CPU
		{FC64F80E-2BEA-44B7-9D08-8F7B01802C99}.Debug|Any CPU.Build.0 = Debug|Any CPU
		{FC64F80E-2BEA-44B7-9D08-8F7B01802C99}.Release|Any CPU.ActiveCfg = Release|Any CPU
		{FC64F80E-2BEA-44B7-9D08-8F7B01802C99}.Release|Any CPU.Build.0 = Release|Any CPU
		{C34E1A09-FF28-4F62-89C3-053D9B4F8BCE}.Debug|Any CPU.ActiveCfg = Debug|Any CPU
		{C34E1A09-FF28-4F62-89C3-053D9B4F8BCE}.Debug|Any CPU.Build.0 = Debug|Any CPU
		{C34E1A09-FF28-4F62-89C3-053D9B4F8BCE}.Release|Any CPU.ActiveCfg = Release|Any CPU
		{C34E1A09-FF28-4F62-89C3-053D9B4F8BCE}.Release|Any CPU.Build.0 = Release|Any CPU
	EndGlobalSection
	GlobalSection(SolutionProperties) = preSolution
		HideSolutionNode = FALSE
	EndGlobalSection
	GlobalSection(ExtensibilityGlobals) = postSolution
		SolutionGuid = {9D436D00-98B6-4C7D-B791-D70F048B8F01}
	EndGlobalSection
EndGlobal
