
Microsoft Visual Studio Solution File, Format Version 12.00
# Visual Studio Version 16
VisualStudioVersion = 16.0.30503.244
MinimumVisualStudioVersion = 10.0.40219.1
Project("{9A19103F-16F7-4668-BE54-9A1E7A4F7556}") = "EmptyBot", "EmptyBot\EmptyBot.csproj", "{A6382593-A60C-4D0D-A014-1A3413D5A820}"
EndProject
Global
	GlobalSection(SolutionConfigurationPlatforms) = preSolution
		Debug|Any CPU = Debug|Any CPU
		Release|Any CPU = Release|Any CPU
	EndGlobalSection
	GlobalSection(ProjectConfigurationPlatforms) = postSolution
		{A6382593-A60C-4D0D-A014-1A3413D5A820}.Debug|Any CPU.ActiveCfg = Debug|Any CPU
		{A6382593-A60C-4D0D-A014-1A3413D5A820}.Debug|Any CPU.Build.0 = Debug|Any CPU
		{A6382593-A60C-4D0D-A014-1A3413D5A820}.Release|Any CPU.ActiveCfg = Release|Any CPU
		{A6382593-A60C-4D0D-A014-1A3413D5A820}.Release|Any CPU.Build.0 = Release|Any CPU
	EndGlobalSection
	GlobalSection(SolutionProperties) = preSolution
		HideSolutionNode = FALSE
	EndGlobalSection
	GlobalSection(ExtensibilityGlobals) = postSolution
		SolutionGuid = {0468D47E-7CB9-42D8-B2B5-8F29A6FF04F5}
	EndGlobalSection
EndGlobal
