
Microsoft Visual Studio Solution File, Format Version 12.00
# Visual Studio Version 16
VisualStudioVersion = 16.0.29123.88
MinimumVisualStudioVersion = 10.0.40219.1
Project("{9A19103F-16F7-4668-BE54-9A1E7A4F7556}") = "Helpers", "Helpers.csproj", "{F237249E-98D6-43B4-A45F-18931F2D71FB}"
EndProject
Global
	GlobalSection(SolutionConfigurationPlatforms) = preSolution
		Debug|Any CPU = Debug|Any CPU
		Release|Any CPU = Release|Any CPU
	EndGlobalSection
	GlobalSection(ProjectConfigurationPlatforms) = postSolution
		{F237249E-98D6-43B4-A45F-18931F2D71FB}.Debug|Any CPU.ActiveCfg = Debug|Any CPU
		{F237249E-98D6-43B4-A45F-18931F2D71FB}.Debug|Any CPU.Build.0 = Debug|Any CPU
		{F237249E-98D6-43B4-A45F-18931F2D71FB}.Release|Any CPU.ActiveCfg = Release|Any CPU
		{F237249E-98D6-43B4-A45F-18931F2D71FB}.Release|Any CPU.Build.0 = Release|Any CPU
	EndGlobalSection
	GlobalSection(SolutionProperties) = preSolution
		HideSolutionNode = FALSE
	EndGlobalSection
	GlobalSection(ExtensibilityGlobals) = postSolution
		SolutionGuid = {C92A81AB-B1D5-4362-9DED-3B4276C77CDD}
	EndGlobalSection
EndGlobal
