
Microsoft Visual Studio Solution File, Format Version 12.00
# Visual Studio 15
VisualStudioVersion = 15.0.28010.2041
MinimumVisualStudioVersion = 10.0.40219.1
Project("{FAE04EC0-301F-11D3-BF4B-00C04F79EFBC}") = "BotFileCreator", "BotFileCreator\BotFileCreator.csproj", "{90E69D82-3623-4AE8-9F25-3E4BB7362508}"
EndProject
Global
	GlobalSection(SolutionConfigurationPlatforms) = preSolution
		Debug|Any CPU = Debug|Any CPU
		Release|Any CPU = Release|Any CPU
	EndGlobalSection
	GlobalSection(ProjectConfigurationPlatforms) = postSolution
		{90E69D82-3623-4AE8-9F25-3E4BB7362508}.Debug|Any CPU.ActiveCfg = Debug|Any CPU
		{90E69D82-3623-4AE8-9F25-3E4BB7362508}.Debug|Any CPU.Build.0 = Debug|Any CPU
		{90E69D82-3623-4AE8-9F25-3E4BB7362508}.Release|Any CPU.ActiveCfg = Release|Any CPU
		{90E69D82-3623-4AE8-9F25-3E4BB7362508}.Release|Any CPU.Build.0 = Release|Any CPU
	EndGlobalSection
	GlobalSection(SolutionProperties) = preSolution
		HideSolutionNode = FALSE
	EndGlobalSection
	GlobalSection(ExtensibilityGlobals) = postSolution
		SolutionGuid = {63432931-989E-4E26-9D1B-F9C39DF3BD91}
	EndGlobalSection
EndGlobal
