
Microsoft Visual Studio Solution File, Format Version 12.00
# Visual Studio 15
VisualStudioVersion = 15.0.28307.106
MinimumVisualStudioVersion = 10.0.40219.1
Project("{9A19103F-16F7-4668-BE54-9A1E7A4F7556}") = "WebexAdapterBot", "WebexAdapterBot.csproj", "{890DB902-5D7C-40CE-AB43-174A83537299}"
EndProject
Global
	GlobalSection(SolutionConfigurationPlatforms) = preSolution
		Debug|Any CPU = Debug|Any CPU
		Release|Any CPU = Release|Any CPU
	EndGlobalSection
	GlobalSection(ProjectConfigurationPlatforms) = postSolution
		{890DB902-5D7C-40CE-AB43-174A83537299}.Debug|Any CPU.ActiveCfg = Debug|Any CPU
		{890DB902-5D7C-40CE-AB43-174A83537299}.Debug|Any CPU.Build.0 = Debug|Any CPU
		{890DB902-5D7C-40CE-AB43-174A83537299}.Release|Any CPU.ActiveCfg = Release|Any CPU
		{890DB902-5D7C-40CE-AB43-174A83537299}.Release|Any CPU.Build.0 = Release|Any CPU
	EndGlobalSection
	GlobalSection(SolutionProperties) = preSolution
		HideSolutionNode = FALSE
	EndGlobalSection
	GlobalSection(ExtensibilityGlobals) = postSolution
		SolutionGuid = {296E9B54-5BF7-42B2-B006-C8CA7B7D60C3}
	EndGlobalSection
EndGlobal
