
Microsoft Visual Studio Solution File, Format Version 12.00
# Visual Studio Version 16
VisualStudioVersion = 16.0.29905.134
MinimumVisualStudioVersion = 10.0.40219.1
Project("{9A19103F-16F7-4668-BE54-9A1E7A4F7556}") = "RunBot", "RunBot.csproj", "{A917B30A-6A73-42B1-9472-012FC082A8DE}"
EndProject
Global
	GlobalSection(SolutionConfigurationPlatforms) = preSolution
		Debug|Any CPU = Debug|Any CPU
		Release|Any CPU = Release|Any CPU
	EndGlobalSection
	GlobalSection(ProjectConfigurationPlatforms) = postSolution
		{A917B30A-6A73-42B1-9472-012FC082A8DE}.Debug|Any CPU.ActiveCfg = Debug|Any CPU
		{A917B30A-6A73-42B1-9472-012FC082A8DE}.Debug|Any CPU.Build.0 = Debug|Any CPU
		{A917B30A-6A73-42B1-9472-012FC082A8DE}.Release|Any CPU.ActiveCfg = Release|Any CPU
		{A917B30A-6A73-42B1-9472-012FC082A8DE}.Release|Any CPU.Build.0 = Release|Any CPU
	EndGlobalSection
	GlobalSection(SolutionProperties) = preSolution
		HideSolutionNode = FALSE
	EndGlobalSection
	GlobalSection(ExtensibilityGlobals) = postSolution
		SolutionGuid = {7E4094D4-3EAC-43FE-8263-63D081280861}
	EndGlobalSection
EndGlobal
