
Microsoft Visual Studio Solution File, Format Version 12.00
# Visual Studio 15
VisualStudioVersion = 15.0.27004.2006
MinimumVisualStudioVersion = 10.0.40219.1
Project("{FAE04EC0-301F-11D3-BF4B-00C04F79EFBC}") = "ContosoHelpdeskChatBot", "ContosoHelpdeskChatBot\ContosoHelpdeskChatBot.csproj", "{7CEA9614-BE08-47A8-9175-E858235B6231}"
EndProject
Project("{FAE04EC0-301F-11D3-BF4B-00C04F79EFBC}") = "ContosoHelpdeskSms", "ContosoHelpdeskSms\ContosoHelpdeskSms.csproj", "{DC4B0541-A167-4AF2-A5BF-D21D9379AE54}"
EndProject
Global
	GlobalSection(SolutionConfigurationPlatforms) = preSolution
		Debug|Any CPU = Debug|Any CPU
		Release|Any CPU = Release|Any CPU
	EndGlobalSection
	GlobalSection(ProjectConfigurationPlatforms) = postSolution
		{7CEA9614-BE08-47A8-9175-E858235B6231}.Debug|Any CPU.ActiveCfg = Debug|Any CPU
		{7CEA9614-BE08-47A8-9175-E858235B6231}.Debug|Any CPU.Build.0 = Debug|Any CPU
		{7CEA9614-BE08-47A8-9175-E858235B6231}.Release|Any CPU.ActiveCfg = Release|Any CPU
		{7CEA9614-BE08-47A8-9175-E858235B6231}.Release|Any CPU.Build.0 = Release|Any CPU
		{DC4B0541-A167-4AF2-A5BF-D21D9379AE54}.Debug|Any CPU.ActiveCfg = Debug|Any CPU
		{DC4B0541-A167-4AF2-A5BF-D21D9379AE54}.Debug|Any CPU.Build.0 = Debug|Any CPU
		{DC4B0541-A167-4AF2-A5BF-D21D9379AE54}.Release|Any CPU.ActiveCfg = Release|Any CPU
		{DC4B0541-A167-4AF2-A5BF-D21D9379AE54}.Release|Any CPU.Build.0 = Release|Any CPU
	EndGlobalSection
	GlobalSection(SolutionProperties) = preSolution
		HideSolutionNode = FALSE
	EndGlobalSection
	GlobalSection(ExtensibilityGlobals) = postSolution
		SolutionGuid = {2D8005E5-57DD-4910-950A-5950E0BF8DAA}
	EndGlobalSection
EndGlobal
