Microsoft Visual Studio Solution File, Format Version 12.00
# Visual Studio Version 16
VisualStudioVersion = 16.0.30503.244
MinimumVisualStudioVersion = 10.0.40219.1
Project("{9A19103F-16F7-4668-BE54-9A1E7A4F7556}") = "teamsmessagingextensionsaction", "teamsmessagingextensionsaction\teamsmessagingextensionsaction.csproj", "{7045CFDA-726E-4F00-BACD-D67536C1CD81}"
EndProject
Global
	GlobalSection(SolutionConfigurationPlatforms) = preSolution
		Debug|Any CPU = Debug|Any CPU
		Release|Any CPU = Release|Any CPU
	EndGlobalSection
	GlobalSection(ProjectConfigurationPlatforms) = postSolution
		{7045CFDA-726E-4F00-BACD-D67536C1CD81}.Debug|Any CPU.ActiveCfg = Debug|Any CPU
		{7045CFDA-726E-4F00-BACD-D67536C1CD81}.Debug|Any CPU.Build.0 = Debug|Any CPU
		{7045CFDA-726E-4F00-BACD-D67536C1CD81}.Release|Any CPU.ActiveCfg = Release|Any CPU
		{7045CFDA-726E-4F00-BACD-D67536C1CD81}.Release|Any CPU.Build.0 = Release|Any CPU
	EndGlobalSection
	GlobalSection(SolutionProperties) = preSolution
		HideSolutionNode = FALSE
	EndGlobalSection
	GlobalSection(ExtensibilityGlobals) = postSolution
		SolutionGuid = {0E4D5C3B-5C33-42B3-96B2-193971C4DB4C}
	EndGlobalSection
EndGlobal
