
Microsoft Visual Studio Solution File, Format Version 12.00
# Visual Studio Version 16
VisualStudioVersion = 16.0.29123.88
MinimumVisualStudioVersion = 10.0.40219.1
Project("{9A19103F-16F7-4668-BE54-9A1E7A4F7556}") = "ReplyToChannel", "ReplyToChannel.csproj", "{7A28ECE6-E23C-4CFB-8ABA-9465D45C87E0}"
EndProject
Global
	GlobalSection(SolutionConfigurationPlatforms) = preSolution
		Debug|Any CPU = Debug|Any CPU
		Release|Any CPU = Release|Any CPU
	EndGlobalSection
	GlobalSection(ProjectConfigurationPlatforms) = postSolution
		{7A28ECE6-E23C-4CFB-8ABA-9465D45C87E0}.Debug|Any CPU.ActiveCfg = Debug|Any CPU
		{7A28ECE6-E23C-4CFB-8ABA-9465D45C87E0}.Debug|Any CPU.Build.0 = Debug|Any CPU
		{7A28ECE6-E23C-4CFB-8ABA-9465D45C87E0}.Release|Any CPU.ActiveCfg = Release|Any CPU
		{7A28ECE6-E23C-4CFB-8ABA-9465D45C87E0}.Release|Any CPU.Build.0 = Release|Any CPU
	EndGlobalSection
	GlobalSection(SolutionProperties) = preSolution
		HideSolutionNode = FALSE
	EndGlobalSection
	GlobalSection(ExtensibilityGlobals) = postSolution
		SolutionGuid = {3B6F936A-8E82-407E-AC2A-166BCA369586}
	EndGlobalSection
EndGlobal
