Microsoft Visual Studio Solution File, Format Version 12.00
# Visual Studio Version 16
VisualStudioVersion = 16.0.30503.244
MinimumVisualStudioVersion = 10.0.40219.1
Project("{9A19103F-16F7-4668-BE54-9A1E7A4F7556}") = "CustomTriggers", "CustomTriggers\CustomTriggers.csproj", "{5FB9E1A9-9B9B-4CD5-977E-DC399066D6BB}"
EndProject
Project("{9A19103F-16F7-4668-BE54-9A1E7A4F7556}") = "Microsoft.Bot.Components.Samples.MemberUpdates", "MemberUpdates\Microsoft.Bot.Components.Samples.MemberUpdates.csproj", "{19FCC2B3-0223-470B-A7AF-DC3215F74904}"
EndProject
Global
	GlobalSection(SolutionConfigurationPlatforms) = preSolution
		Debug|Any CPU = Debug|Any CPU
		Release|Any CPU = Release|Any CPU
	EndGlobalSection
	GlobalSection(ProjectConfigurationPlatforms) = postSolution
		{5FB9E1A9-9B9B-4CD5-977E-DC399066D6BB}.Debug|Any CPU.ActiveCfg = Debug|Any CPU
		{5FB9E1A9-9B9B-4CD5-977E-DC399066D6BB}.Debug|Any CPU.Build.0 = Debug|Any CPU
		{5FB9E1A9-9B9B-4CD5-977E-DC399066D6BB}.Release|Any CPU.ActiveCfg = Release|Any CPU
		{5FB9E1A9-9B9B-4CD5-977E-DC399066D6BB}.Release|Any CPU.Build.0 = Release|Any CPU
		{19FCC2B3-0223-470B-A7AF-DC3215F74904}.Debug|Any CPU.ActiveCfg = Debug|Any CPU
		{19FCC2B3-0223-470B-A7AF-DC3215F74904}.Debug|Any CPU.Build.0 = Debug|Any CPU
		{19FCC2B3-0223-470B-A7AF-DC3215F74904}.Release|Any CPU.ActiveCfg = Release|Any CPU
		{19FCC2B3-0223-470B-A7AF-DC3215F74904}.Release|Any CPU.Build.0 = Release|Any CPU
	EndGlobalSection
	GlobalSection(SolutionProperties) = preSolution
		HideSolutionNode = FALSE
	EndGlobalSection
	GlobalSection(ExtensibilityGlobals) = postSolution
		SolutionGuid = {856B9DE5-C51F-4D59-94FF-1BFB3BDF83E1}
	EndGlobalSection
EndGlobal
