
Microsoft Visual Studio Solution File, Format Version 12.00
# Visual Studio Version 16
VisualStudioVersion = 16.0.30503.244
MinimumVisualStudioVersion = 10.0.40219.1
Project("{9A19103F-16F7-4668-BE54-9A1E7A4F7556}") = "InterruptionSample", "InterruptionSample\InterruptionSample.csproj", "{6562B608-893F-4AB3-9E9E-F0CF24CF956F}"
EndProject
Global
	GlobalSection(SolutionConfigurationPlatforms) = preSolution
		Debug|Any CPU = Debug|Any CPU
		Release|Any CPU = Release|Any CPU
	EndGlobalSection
	GlobalSection(ProjectConfigurationPlatforms) = postSolution
		{6562B608-893F-4AB3-9E9E-F0CF24CF956F}.Debug|Any CPU.ActiveCfg = Debug|Any CPU
		{6562B608-893F-4AB3-9E9E-F0CF24CF956F}.Debug|Any CPU.Build.0 = Debug|Any CPU
		{6562B608-893F-4AB3-9E9E-F0CF24CF956F}.Release|Any CPU.ActiveCfg = Release|Any CPU
		{6562B608-893F-4AB3-9E9E-F0CF24CF956F}.Release|Any CPU.Build.0 = Release|Any CPU
	EndGlobalSection
	GlobalSection(SolutionProperties) = preSolution
		HideSolutionNode = FALSE
	EndGlobalSection
	GlobalSection(ExtensibilityGlobals) = postSolution
		SolutionGuid = {3901ECC0-636C-498C-B827-CD1CE6ACF584}
	EndGlobalSection
EndGlobal
