
Microsoft Visual Studio Solution File, Format Version 12.00
# Visual Studio 15
VisualStudioVersion = 15.0.28307.572
MinimumVisualStudioVersion = 10.0.40219.1
Project("{FAE04EC0-301F-11D3-BF4B-00C04F79EFBC}") = "qnamaker-multiturn-bot", ".\qnamaker-multiturn-bot.csproj", "{359FDF61-588E-4C12-A88F-4A9FA5EB9B85}"
EndProject
Global
	GlobalSection(SolutionConfigurationPlatforms) = preSolution
		Debug|Any CPU = Debug|Any CPU
		Release|Any CPU = Release|Any CPU
	EndGlobalSection
	GlobalSection(ProjectConfigurationPlatforms) = postSolution
		{359FDF61-588E-4C12-A88F-4A9FA5EB9B85}.Debug|Any CPU.ActiveCfg = Debug|Any CPU
		{359FDF61-588E-4C12-A88F-4A9FA5EB9B85}.Debug|Any CPU.Build.0 = Debug|Any CPU
		{359FDF61-588E-4C12-A88F-4A9FA5EB9B85}.Release|Any CPU.ActiveCfg = Release|Any CPU
		{359FDF61-588E-4C12-A88F-4A9FA5EB9B85}.Release|Any CPU.Build.0 = Release|Any CPU
	EndGlobalSection
	GlobalSection(SolutionProperties) = preSolution
		HideSolutionNode = FALSE
	EndGlobalSection
	GlobalSection(ExtensibilityGlobals) = postSolution
		SolutionGuid = {EC432F0E-5F88-454E-AF11-05ADEB9913F0}
	EndGlobalSection
EndGlobal
