
Microsoft Visual Studio Solution File, Format Version 12.00
# Visual Studio 15
VisualStudioVersion = 15.0.27703.2026
MinimumVisualStudioVersion = 10.0.40219.1
Project("{9A19103F-16F7-4668-BE54-9A1E7A4F7556}") = "CafeBot", "CafeBot.csproj", "{569784F3-ADE7-4E1B-803E-01FD18ADB369}"
EndProject
Global
	GlobalSection(SolutionConfigurationPlatforms) = preSolution
		Debug|Any CPU = Debug|Any CPU
		Release|Any CPU = Release|Any CPU
	EndGlobalSection
	GlobalSection(ProjectConfigurationPlatforms) = postSolution
		{569784F3-ADE7-4E1B-803E-01FD18ADB369}.Debug|Any CPU.ActiveCfg = Debug|Any CPU
		{569784F3-ADE7-4E1B-803E-01FD18ADB369}.Debug|Any CPU.Build.0 = Debug|Any CPU
		{569784F3-ADE7-4E1B-803E-01FD18ADB369}.Release|Any CPU.ActiveCfg = Release|Any CPU
		{569784F3-ADE7-4E1B-803E-01FD18ADB369}.Release|Any CPU.Build.0 = Release|Any CPU
	EndGlobalSection
	GlobalSection(SolutionProperties) = preSolution
		HideSolutionNode = FALSE
	EndGlobalSection
	GlobalSection(ExtensibilityGlobals) = postSolution
		SolutionGuid = {BE60934D-CD9F-42AD-BFFD-920AD155882D}
	EndGlobalSection
EndGlobal
