
Microsoft Visual Studio Solution File, Format Version 12.00
# Visual Studio Version 16
VisualStudioVersion = 16.0.30503.244
MinimumVisualStudioVersion = 10.0.40219.1
Project("{9A19103F-16F7-4668-BE54-9A1E7A4F7556}") = "BasicLanguageAssistantWithCLU", "BasicLanguageAssistantWithCLU\BasicLanguageAssistantWithCLU.csproj", "{C5775C6D-6BEF-437A-8514-2BB98739077C}"
EndProject
Global
	GlobalSection(SolutionConfigurationPlatforms) = preSolution
		Debug|Any CPU = Debug|Any CPU
		Release|Any CPU = Release|Any CPU
	EndGlobalSection
	GlobalSection(ProjectConfigurationPlatforms) = postSolution
		{C5775C6D-6BEF-437A-8514-2BB98739077C}.Debug|Any CPU.ActiveCfg = Debug|Any CPU
		{C5775C6D-6BEF-437A-8514-2BB98739077C}.Debug|Any CPU.Build.0 = Debug|Any CPU
		{C5775C6D-6BEF-437A-8514-2BB98739077C}.Release|Any CPU.ActiveCfg = Release|Any CPU
		{C5775C6D-6BEF-437A-8514-2BB98739077C}.Release|Any CPU.Build.0 = Release|Any CPU
	EndGlobalSection
	GlobalSection(SolutionProperties) = preSolution
		HideSolutionNode = FALSE
	EndGlobalSection
	GlobalSection(ExtensibilityGlobals) = postSolution
		SolutionGuid = {8556CB71-12D3-4F93-8EB9-AADBC4A384F3}
	EndGlobalSection
EndGlobal
