
Microsoft Visual Studio Solution File, Format Version 12.00
# Visual Studio Version 16
VisualStudioVersion = 16.0.30503.244
MinimumVisualStudioVersion = 10.0.40219.1
Project("{9A19103F-16F7-4668-BE54-9A1E7A4F7556}") = "QnAMakerLUISSample", "QnAMakerLUISSample\QnAMakerLUISSample.csproj", "{AC410647-8AC1-49A0-870D-EC1D6F5DD845}"
EndProject
Global
	GlobalSection(SolutionConfigurationPlatforms) = preSolution
		Debug|Any CPU = Debug|Any CPU
		Release|Any CPU = Release|Any CPU
	EndGlobalSection
	GlobalSection(ProjectConfigurationPlatforms) = postSolution
		{AC410647-8AC1-49A0-870D-EC1D6F5DD845}.Debug|Any CPU.ActiveCfg = Debug|Any CPU
		{AC410647-8AC1-49A0-870D-EC1D6F5DD845}.Debug|Any CPU.Build.0 = Debug|Any CPU
		{AC410647-8AC1-49A0-870D-EC1D6F5DD845}.Release|Any CPU.ActiveCfg = Release|Any CPU
		{AC410647-8AC1-49A0-870D-EC1D6F5DD845}.Release|Any CPU.Build.0 = Release|Any CPU
	EndGlobalSection
	GlobalSection(SolutionProperties) = preSolution
		HideSolutionNode = FALSE
	EndGlobalSection
	GlobalSection(ExtensibilityGlobals) = postSolution
		SolutionGuid = {BD197BB6-044D-4274-965C-AA8AC9FBAF4D}
	EndGlobalSection
EndGlobal
