
Microsoft Visual Studio Solution File, Format Version 12.00
# Visual Studio Version 17
VisualStudioVersion = 17.10.35027.167
MinimumVisualStudioVersion = 10.0.40219.1
Project("{9A19103F-16F7-4668-BE54-9A1E7A4F7556}") = "SNI-MISEBot", "SNI-MISEBot.csproj", "{6AB35855-DDE6-4BC7-93E8-867FE5DF3AA4}"
EndProject
Global
	GlobalSection(SolutionConfigurationPlatforms) = preSolution
		Debug|Any CPU = Debug|Any CPU
		Release|Any CPU = Release|Any CPU
	EndGlobalSection
	GlobalSection(ProjectConfigurationPlatforms) = postSolution
		{6AB35855-DDE6-4BC7-93E8-867FE5DF3AA4}.Debug|Any CPU.ActiveCfg = Debug|Any CPU
		{6AB35855-DDE6-4BC7-93E8-867FE5DF3AA4}.Debug|Any CPU.Build.0 = Debug|Any CPU
		{6AB35855-DDE6-4BC7-93E8-867FE5DF3AA4}.Release|Any CPU.ActiveCfg = Release|Any CPU
		{6AB35855-DDE6-4BC7-93E8-867FE5DF3AA4}.Release|Any CPU.Build.0 = Release|Any CPU
	EndGlobalSection
	GlobalSection(SolutionProperties) = preSolution
		HideSolutionNode = FALSE
	EndGlobalSection
	GlobalSection(ExtensibilityGlobals) = postSolution
		SolutionGuid = {E862C5FC-BC5A-4943-B991-DC0FCCD82E99}
	EndGlobalSection
EndGlobal
