
Microsoft Visual Studio Solution File, Format Version 12.00
# Visual Studio 14
VisualStudioVersion = 14.0.25420.1
MinimumVisualStudioVersion = 10.0.40219.1
Project("{FAE04EC0-301F-11D3-BF4B-00C04F79EFBC}") = "ContosoFlowers", "ContosoFlowers\ContosoFlowers.csproj", "{A8BA1066-5695-4D71-ABB4-65E5A5E0C3D4}"
EndProject
Project("{FAE04EC0-301F-11D3-BF4B-00C04F79EFBC}") = "ContosoFlowers.Services", "ContosoFlowers.Services\ContosoFlowers.Services.csproj", "{2ABDF0FC-7533-41B0-B530-3003D4D2EF4E}"
EndProject
Project("{FAE04EC0-301F-11D3-BF4B-00C04F79EFBC}") = "ContosoFlowers.BotAssets", "ContosoFlowers.BotAssets\ContosoFlowers.BotAssets.csproj", "{4010E1D2-220E-44CA-9259-92B1B2ACC794}"
EndProject
Project("{2150E333-8FDC-42A3-9474-1A3956D46DE8}") = "README", "README", "{FF61A16A-4D4C-4A4A-B5BE-82744DD00039}"
	ProjectSection(SolutionItems) = preProject
		README.md = README.md
	EndProjectSection
EndProject
Global
	GlobalSection(SolutionConfigurationPlatforms) = preSolution
		Debug|Any CPU = Debug|Any CPU
		Release|Any CPU = Release|Any CPU
	EndGlobalSection
	GlobalSection(ProjectConfigurationPlatforms) = postSolution
		{A8BA1066-5695-4D71-ABB4-65E5A5E0C3D4}.Debug|Any CPU.ActiveCfg = Debug|Any CPU
		{A8BA1066-5695-4D71-ABB4-65E5A5E0C3D4}.Debug|Any CPU.Build.0 = Debug|Any CPU
		{A8BA1066-5695-4D71-ABB4-65E5A5E0C3D4}.Release|Any CPU.ActiveCfg = Release|Any CPU
		{A8BA1066-5695-4D71-ABB4-65E5A5E0C3D4}.Release|Any CPU.Build.0 = Release|Any CPU
		{2ABDF0FC-7533-41B0-B530-3003D4D2EF4E}.Debug|Any CPU.ActiveCfg = Debug|Any CPU
		{2ABDF0FC-7533-41B0-B530-3003D4D2EF4E}.Debug|Any CPU.Build.0 = Debug|Any CPU
		{2ABDF0FC-7533-41B0-B530-3003D4D2EF4E}.Release|Any CPU.ActiveCfg = Release|Any CPU
		{2ABDF0FC-7533-41B0-B530-3003D4D2EF4E}.Release|Any CPU.Build.0 = Release|Any CPU
		{4010E1D2-220E-44CA-9259-92B1B2ACC794}.Debug|Any CPU.ActiveCfg = Debug|Any CPU
		{4010E1D2-220E-44CA-9259-92B1B2ACC794}.Debug|Any CPU.Build.0 = Debug|Any CPU
		{4010E1D2-220E-44CA-9259-92B1B2ACC794}.Release|Any CPU.ActiveCfg = Release|Any CPU
		{4010E1D2-220E-44CA-9259-92B1B2ACC794}.Release|Any CPU.Build.0 = Release|Any CPU
	EndGlobalSection
	GlobalSection(SolutionProperties) = preSolution
		HideSolutionNode = FALSE
	EndGlobalSection
EndGlobal
