
Microsoft Visual Studio Solution File, Format Version 12.00
# Visual Studio 15
VisualStudioVersion = 15.0.27130.2026
MinimumVisualStudioVersion = 10.0.40219.1
Project("{FAE04EC0-301F-11D3-BF4B-00C04F79EFBC}") = "BotOnXamarin.Forms.Android", "BotOnXamarin.Forms\BotOnXamarin.Forms.Android\BotOnXamarin.Forms.Android.csproj", "{18D2658E-FEE6-4A2C-B25B-2EF29C48FCCF}"
EndProject
Project("{FAE04EC0-301F-11D3-BF4B-00C04F79EFBC}") = "BotOnXamarin.Forms.iOS", "BotOnXamarin.Forms\BotOnXamarin.Forms.iOS\BotOnXamarin.Forms.iOS.csproj", "{1B00310B-68B0-4878-B051-13306D5D68D7}"
EndProject
Project("{FAE04EC0-301F-11D3-BF4B-00C04F79EFBC}") = "BotOnXamarin.Forms", "BotOnXamarin.Forms\BotOnXamarin.Forms\BotOnXamarin.Forms.csproj", "{303E3592-F204-4957-A67E-DABE7C49B72F}"
EndProject
Global
	GlobalSection(SolutionConfigurationPlatforms) = preSolution
		Ad-Hoc|Any CPU = Ad-Hoc|Any CPU
		Ad-Hoc|ARM = Ad-Hoc|ARM
		Ad-Hoc|iPhone = Ad-Hoc|iPhone
		Ad-Hoc|iPhoneSimulator = Ad-Hoc|iPhoneSimulator
		Ad-Hoc|x64 = Ad-Hoc|x64
		Ad-Hoc|x86 = Ad-Hoc|x86
		AppStore|Any CPU = AppStore|Any CPU
		AppStore|ARM = AppStore|ARM
		AppStore|iPhone = AppStore|iPhone
		AppStore|iPhoneSimulator = AppStore|iPhoneSimulator
		AppStore|x64 = AppStore|x64
		AppStore|x86 = AppStore|x86
		Debug|Any CPU = Debug|Any CPU
		Debug|ARM = Debug|ARM
		Debug|iPhone = Debug|iPhone
		Debug|iPhoneSimulator = Debug|iPhoneSimulator
		Debug|x64 = Debug|x64
		Debug|x86 = Debug|x86
		Release|Any CPU = Release|Any CPU
		Release|ARM = Release|ARM
		Release|iPhone = Release|iPhone
		Release|iPhoneSimulator = Release|iPhoneSimulator
		Release|x64 = Release|x64
		Release|x86 = Release|x86
	EndGlobalSection
	GlobalSection(ProjectConfigurationPlatforms) = postSolution
		{18D2658E-FEE6-4A2C-B25B-2EF29C48FCCF}.Ad-Hoc|Any CPU.ActiveCfg = Release|Any CPU
		{18D2658E-FEE6-4A2C-B25B-2EF29C48FCCF}.Ad-Hoc|Any CPU.Build.0 = Release|Any CPU
		{18D2658E-FEE6-4A2C-B25B-2EF29C48FCCF}.Ad-Hoc|Any CPU.Deploy.0 = Release|Any CPU
		{18D2658E-FEE6-4A2C-B25B-2EF29C48FCCF}.Ad-Hoc|ARM.ActiveCfg = Release|Any CPU
		{18D2658E-FEE6-4A2C-B25B-2EF29C48FCCF}.Ad-Hoc|ARM.Build.0 = Release|Any CPU
		{18D2658E-FEE6-4A2C-B25B-2EF29C48FCCF}.Ad-Hoc|ARM.Deploy.0 = Release|Any CPU
		{18D2658E-FEE6-4A2C-B25B-2EF29C48FCCF}.Ad-Hoc|iPhone.ActiveCfg = Release|Any CPU
		{18D2658E-FEE6-4A2C-B25B-2EF29C48FCCF}.Ad-Hoc|iPhone.Build.0 = Release|Any CPU
		{18D2658E-FEE6-4A2C-B25B-2EF29C48FCCF}.Ad-Hoc|iPhone.Deploy.0 = Release|Any CPU
		{18D2658E-FEE6-4A2C-B25B-2EF29C48FCCF}.Ad-Hoc|iPhoneSimulator.ActiveCfg = Release|Any CPU
		{18D2658E-FEE6-4A2C-B25B-2EF29C48FCCF}.Ad-Hoc|iPhoneSimulator.Build.0 = Release|Any CPU
		{18D2658E-FEE6-4A2C-B25B-2EF29C48FCCF}.Ad-Hoc|iPhoneSimulator.Deploy.0 = Release|Any CPU
		{18D2658E-FEE6-4A2C-B25B-2EF29C48FCCF}.Ad-Hoc|x64.ActiveCfg = Release|Any CPU
		{18D2658E-FEE6-4A2C-B25B-2EF29C48FCCF}.Ad-Hoc|x64.Build.0 = Release|Any CPU
		{18D2658E-FEE6-4A2C-B25B-2EF29C48FCCF}.Ad-Hoc|x64.Deploy.0 = Release|Any CPU
		{18D2658E-FEE6-4A2C-B25B-2EF29C48FCCF}.Ad-Hoc|x86.ActiveCfg = Release|Any CPU
		{18D2658E-FEE6-4A2C-B25B-2EF29C48FCCF}.Ad-Hoc|x86.Build.0 = Release|Any CPU
		{18D2658E-FEE6-4A2C-B25B-2EF29C48FCCF}.Ad-Hoc|x86.Deploy.0 = Release|Any CPU
		{18D2658E-FEE6-4A2C-B25B-2EF29C48FCCF}.AppStore|Any CPU.ActiveCfg = Release|Any CPU
		{18D2658E-FEE6-4A2C-B25B-2EF29C48FCCF}.AppStore|Any CPU.Build.0 = Release|Any CPU
		{18D2658E-FEE6-4A2C-B25B-2EF29C48FCCF}.AppStore|Any CPU.Deploy.0 = Release|Any CPU
		{18D2658E-FEE6-4A2C-B25B-2EF29C48FCCF}.AppStore|ARM.ActiveCfg = Release|Any CPU
		{18D2658E-FEE6-4A2C-B25B-2EF29C48FCCF}.AppStore|ARM.Build.0 = Release|Any CPU
		{18D2658E-FEE6-4A2C-B25B-2EF29C48FCCF}.AppStore|ARM.Deploy.0 = Release|Any CPU
		{18D2658E-FEE6-4A2C-B25B-2EF29C48FCCF}.AppStore|iPhone.ActiveCfg = Release|Any CPU
		{18D2658E-FEE6-4A2C-B25B-2EF29C48FCCF}.AppStore|iPhone.Build.0 = Release|Any CPU
		{18D2658E-FEE6-4A2C-B25B-2EF29C48FCCF}.AppStore|iPhone.Deploy.0 = Release|Any CPU
		{18D2658E-FEE6-4A2C-B25B-2EF29C48FCCF}.AppStore|iPhoneSimulator.ActiveCfg = Release|Any CPU
		{18D2658E-FEE6-4A2C-B25B-2EF29C48FCCF}.AppStore|iPhoneSimulator.Build.0 = Release|Any CPU
		{18D2658E-FEE6-4A2C-B25B-2EF29C48FCCF}.AppStore|iPhoneSimulator.Deploy.0 = Release|Any CPU
		{18D2658E-FEE6-4A2C-B25B-2EF29C48FCCF}.AppStore|x64.ActiveCfg = Release|Any CPU
		{18D2658E-FEE6-4A2C-B25B-2EF29C48FCCF}.AppStore|x64.Build.0 = Release|Any CPU
		{18D2658E-FEE6-4A2C-B25B-2EF29C48FCCF}.AppStore|x64.Deploy.0 = Release|Any CPU
		{18D2658E-FEE6-4A2C-B25B-2EF29C48FCCF}.AppStore|x86.ActiveCfg = Release|Any CPU
		{18D2658E-FEE6-4A2C-B25B-2EF29C48FCCF}.AppStore|x86.Build.0 = Release|Any CPU
		{18D2658E-FEE6-4A2C-B25B-2EF29C48FCCF}.AppStore|x86.Deploy.0 = Release|Any CPU
		{18D2658E-FEE6-4A2C-B25B-2EF29C48FCCF}.Debug|Any CPU.ActiveCfg = Debug|Any CPU
		{18D2658E-FEE6-4A2C-B25B-2EF29C48FCCF}.Debug|Any CPU.Build.0 = Debug|Any CPU
		{18D2658E-FEE6-4A2C-B25B-2EF29C48FCCF}.Debug|Any CPU.Deploy.0 = Debug|Any CPU
		{18D2658E-FEE6-4A2C-B25B-2EF29C48FCCF}.Debug|ARM.ActiveCfg = Debug|Any CPU
		{18D2658E-FEE6-4A2C-B25B-2EF29C48FCCF}.Debug|ARM.Build.0 = Debug|Any CPU
		{18D2658E-FEE6-4A2C-B25B-2EF29C48FCCF}.Debug|ARM.Deploy.0 = Debug|Any CPU
		{18D2658E-FEE6-4A2C-B25B-2EF29C48FCCF}.Debug|iPhone.ActiveCfg = Debug|Any CPU
		{18D2658E-FEE6-4A2C-B25B-2EF29C48FCCF}.Debug|iPhone.Build.0 = Debug|Any CPU
		{18D2658E-FEE6-4A2C-B25B-2EF29C48FCCF}.Debug|iPhone.Deploy.0 = Debug|Any CPU
		{18D2658E-FEE6-4A2C-B25B-2EF29C48FCCF}.Debug|iPhoneSimulator.ActiveCfg = Debug|Any CPU
		{18D2658E-FEE6-4A2C-B25B-2EF29C48FCCF}.Debug|iPhoneSimulator.Build.0 = Debug|Any CPU
		{18D2658E-FEE6-4A2C-B25B-2EF29C48FCCF}.Debug|iPhoneSimulator.Deploy.0 = Debug|Any CPU
		{18D2658E-FEE6-4A2C-B25B-2EF29C48FCCF}.Debug|x64.ActiveCfg = Debug|Any CPU
		{18D2658E-FEE6-4A2C-B25B-2EF29C48FCCF}.Debug|x64.Build.0 = Debug|Any CPU
		{18D2658E-FEE6-4A2C-B25B-2EF29C48FCCF}.Debug|x64.Deploy.0 = Debug|Any CPU
		{18D2658E-FEE6-4A2C-B25B-2EF29C48FCCF}.Debug|x86.ActiveCfg = Debug|Any CPU
		{18D2658E-FEE6-4A2C-B25B-2EF29C48FCCF}.Debug|x86.Build.0 = Debug|Any CPU
		{18D2658E-FEE6-4A2C-B25B-2EF29C48FCCF}.Debug|x86.Deploy.0 = Debug|Any CPU
		{18D2658E-FEE6-4A2C-B25B-2EF29C48FCCF}.Release|Any CPU.ActiveCfg = Release|Any CPU
		{18D2658E-FEE6-4A2C-B25B-2EF29C48FCCF}.Release|Any CPU.Build.0 = Release|Any CPU
		{18D2658E-FEE6-4A2C-B25B-2EF29C48FCCF}.Release|Any CPU.Deploy.0 = Release|Any CPU
		{18D2658E-FEE6-4A2C-B25B-2EF29C48FCCF}.Release|ARM.ActiveCfg = Release|Any CPU
		{18D2658E-FEE6-4A2C-B25B-2EF29C48FCCF}.Release|ARM.Build.0 = Release|Any CPU
		{18D2658E-FEE6-4A2C-B25B-2EF29C48FCCF}.Release|ARM.Deploy.0 = Release|Any CPU
		{18D2658E-FEE6-4A2C-B25B-2EF29C48FCCF}.Release|iPhone.ActiveCfg = Release|Any CPU
		{18D2658E-FEE6-4A2C-B25B-2EF29C48FCCF}.Release|iPhone.Build.0 = Release|Any CPU
		{18D2658E-FEE6-4A2C-B25B-2EF29C48FCCF}.Release|iPhone.Deploy.0 = Release|Any CPU
		{18D2658E-FEE6-4A2C-B25B-2EF29C48FCCF}.Release|iPhoneSimulator.ActiveCfg = Release|Any CPU
		{18D2658E-FEE6-4A2C-B25B-2EF29C48FCCF}.Release|iPhoneSimulator.Build.0 = Release|Any CPU
		{18D2658E-FEE6-4A2C-B25B-2EF29C48FCCF}.Release|iPhoneSimulator.Deploy.0 = Release|Any CPU
		{18D2658E-FEE6-4A2C-B25B-2EF29C48FCCF}.Release|x64.ActiveCfg = Release|Any CPU
		{18D2658E-FEE6-4A2C-B25B-2EF29C48FCCF}.Release|x64.Build.0 = Release|Any CPU
		{18D2658E-FEE6-4A2C-B25B-2EF29C48FCCF}.Release|x64.Deploy.0 = Release|Any CPU
		{18D2658E-FEE6-4A2C-B25B-2EF29C48FCCF}.Release|x86.ActiveCfg = Release|Any CPU
		{18D2658E-FEE6-4A2C-B25B-2EF29C48FCCF}.Release|x86.Build.0 = Release|Any CPU
		{18D2658E-FEE6-4A2C-B25B-2EF29C48FCCF}.Release|x86.Deploy.0 = Release|Any CPU
		{1B00310B-68B0-4878-B051-13306D5D68D7}.Ad-Hoc|Any CPU.ActiveCfg = Ad-Hoc|iPhone
		{1B00310B-68B0-4878-B051-13306D5D68D7}.Ad-Hoc|ARM.ActiveCfg = Ad-Hoc|iPhone
		{1B00310B-68B0-4878-B051-13306D5D68D7}.Ad-Hoc|iPhone.ActiveCfg = Ad-Hoc|iPhone
		{1B00310B-68B0-4878-B051-13306D5D68D7}.Ad-Hoc|iPhone.Build.0 = Ad-Hoc|iPhone
		{1B00310B-68B0-4878-B051-13306D5D68D7}.Ad-Hoc|iPhoneSimulator.ActiveCfg = Ad-Hoc|iPhoneSimulator
		{1B00310B-68B0-4878-B051-13306D5D68D7}.Ad-Hoc|iPhoneSimulator.Build.0 = Ad-Hoc|iPhoneSimulator
		{1B00310B-68B0-4878-B051-13306D5D68D7}.Ad-Hoc|x64.ActiveCfg = Ad-Hoc|iPhone
		{1B00310B-68B0-4878-B051-13306D5D68D7}.Ad-Hoc|x86.ActiveCfg = Ad-Hoc|iPhone
		{1B00310B-68B0-4878-B051-13306D5D68D7}.AppStore|Any CPU.ActiveCfg = AppStore|iPhone
		{1B00310B-68B0-4878-B051-13306D5D68D7}.AppStore|ARM.ActiveCfg = AppStore|iPhone
		{1B00310B-68B0-4878-B051-13306D5D68D7}.AppStore|iPhone.ActiveCfg = AppStore|iPhone
		{1B00310B-68B0-4878-B051-13306D5D68D7}.AppStore|iPhone.Build.0 = AppStore|iPhone
		{1B00310B-68B0-4878-B051-13306D5D68D7}.AppStore|iPhoneSimulator.ActiveCfg = AppStore|iPhoneSimulator
		{1B00310B-68B0-4878-B051-13306D5D68D7}.AppStore|iPhoneSimulator.Build.0 = AppStore|iPhoneSimulator
		{1B00310B-68B0-4878-B051-13306D5D68D7}.AppStore|x64.ActiveCfg = AppStore|iPhone
		{1B00310B-68B0-4878-B051-13306D5D68D7}.AppStore|x86.ActiveCfg = AppStore|iPhone
		{1B00310B-68B0-4878-B051-13306D5D68D7}.Debug|Any CPU.ActiveCfg = Debug|iPhone
		{1B00310B-68B0-4878-B051-13306D5D68D7}.Debug|ARM.ActiveCfg = Debug|iPhone
		{1B00310B-68B0-4878-B051-13306D5D68D7}.Debug|iPhone.ActiveCfg = Debug|iPhone
		{1B00310B-68B0-4878-B051-13306D5D68D7}.Debug|iPhone.Build.0 = Debug|iPhone
		{1B00310B-68B0-4878-B051-13306D5D68D7}.Debug|iPhoneSimulator.ActiveCfg = Debug|iPhoneSimulator
		{1B00310B-68B0-4878-B051-13306D5D68D7}.Debug|iPhoneSimulator.Build.0 = Debug|iPhoneSimulator
		{1B00310B-68B0-4878-B051-13306D5D68D7}.Debug|x64.ActiveCfg = Debug|iPhone
		{1B00310B-68B0-4878-B051-13306D5D68D7}.Debug|x86.ActiveCfg = Debug|iPhone
		{1B00310B-68B0-4878-B051-13306D5D68D7}.Release|Any CPU.ActiveCfg = Release|iPhone
		{1B00310B-68B0-4878-B051-13306D5D68D7}.Release|ARM.ActiveCfg = Release|iPhone
		{1B00310B-68B0-4878-B051-13306D5D68D7}.Release|iPhone.ActiveCfg = Release|iPhone
		{1B00310B-68B0-4878-B051-13306D5D68D7}.Release|iPhone.Build.0 = Release|iPhone
		{1B00310B-68B0-4878-B051-13306D5D68D7}.Release|iPhoneSimulator.ActiveCfg = Release|iPhoneSimulator
		{1B00310B-68B0-4878-B051-13306D5D68D7}.Release|iPhoneSimulator.Build.0 = Release|iPhoneSimulator
		{1B00310B-68B0-4878-B051-13306D5D68D7}.Release|x64.ActiveCfg = Release|iPhone
		{1B00310B-68B0-4878-B051-13306D5D68D7}.Release|x86.ActiveCfg = Release|iPhone
		{303E3592-F204-4957-A67E-DABE7C49B72F}.Ad-Hoc|Any CPU.ActiveCfg = Debug|Any CPU
		{303E3592-F204-4957-A67E-DABE7C49B72F}.Ad-Hoc|Any CPU.Build.0 = Debug|Any CPU
		{303E3592-F204-4957-A67E-DABE7C49B72F}.Ad-Hoc|ARM.ActiveCfg = Debug|Any CPU
		{303E3592-F204-4957-A67E-DABE7C49B72F}.Ad-Hoc|ARM.Build.0 = Debug|Any CPU
		{303E3592-F204-4957-A67E-DABE7C49B72F}.Ad-Hoc|iPhone.ActiveCfg = Debug|Any CPU
		{303E3592-F204-4957-A67E-DABE7C49B72F}.Ad-Hoc|iPhone.Build.0 = Debug|Any CPU
		{303E3592-F204-4957-A67E-DABE7C49B72F}.Ad-Hoc|iPhoneSimulator.ActiveCfg = Debug|Any CPU
		{303E3592-F204-4957-A67E-DABE7C49B72F}.Ad-Hoc|iPhoneSimulator.Build.0 = Debug|Any CPU
		{303E3592-F204-4957-A67E-DABE7C49B72F}.Ad-Hoc|x64.ActiveCfg = Debug|Any CPU
		{303E3592-F204-4957-A67E-DABE7C49B72F}.Ad-Hoc|x64.Build.0 = Debug|Any CPU
		{303E3592-F204-4957-A67E-DABE7C49B72F}.Ad-Hoc|x86.ActiveCfg = Debug|Any CPU
		{303E3592-F204-4957-A67E-DABE7C49B72F}.Ad-Hoc|x86.Build.0 = Debug|Any CPU
		{303E3592-F204-4957-A67E-DABE7C49B72F}.AppStore|Any CPU.ActiveCfg = Debug|Any CPU
		{303E3592-F204-4957-A67E-DABE7C49B72F}.AppStore|Any CPU.Build.0 = Debug|Any CPU
		{303E3592-F204-4957-A67E-DABE7C49B72F}.AppStore|ARM.ActiveCfg = Debug|Any CPU
		{303E3592-F204-4957-A67E-DABE7C49B72F}.AppStore|ARM.Build.0 = Debug|Any CPU
		{303E3592-F204-4957-A67E-DABE7C49B72F}.AppStore|iPhone.ActiveCfg = Debug|Any CPU
		{303E3592-F204-4957-A67E-DABE7C49B72F}.AppStore|iPhone.Build.0 = Debug|Any CPU
		{303E3592-F204-4957-A67E-DABE7C49B72F}.AppStore|iPhoneSimulator.ActiveCfg = Debug|Any CPU
		{303E3592-F204-4957-A67E-DABE7C49B72F}.AppStore|iPhoneSimulator.Build.0 = Debug|Any CPU
		{303E3592-F204-4957-A67E-DABE7C49B72F}.AppStore|x64.ActiveCfg = Debug|Any CPU
		{303E3592-F204-4957-A67E-DABE7C49B72F}.AppStore|x64.Build.0 = Debug|Any CPU
		{303E3592-F204-4957-A67E-DABE7C49B72F}.AppStore|x86.ActiveCfg = Debug|Any CPU
		{303E3592-F204-4957-A67E-DABE7C49B72F}.AppStore|x86.Build.0 = Debug|Any CPU
		{303E3592-F204-4957-A67E-DABE7C49B72F}.Debug|Any CPU.ActiveCfg = Debug|Any CPU
		{303E3592-F204-4957-A67E-DABE7C49B72F}.Debug|Any CPU.Build.0 = Debug|Any CPU
		{303E3592-F204-4957-A67E-DABE7C49B72F}.Debug|ARM.ActiveCfg = Debug|Any CPU
		{303E3592-F204-4957-A67E-DABE7C49B72F}.Debug|ARM.Build.0 = Debug|Any CPU
		{303E3592-F204-4957-A67E-DABE7C49B72F}.Debug|iPhone.ActiveCfg = Debug|Any CPU
		{303E3592-F204-4957-A67E-DABE7C49B72F}.Debug|iPhone.Build.0 = Debug|Any CPU
		{303E3592-F204-4957-A67E-DABE7C49B72F}.Debug|iPhoneSimulator.ActiveCfg = Debug|Any CPU
		{303E3592-F204-4957-A67E-DABE7C49B72F}.Debug|iPhoneSimulator.Build.0 = Debug|Any CPU
		{303E3592-F204-4957-A67E-DABE7C49B72F}.Debug|x64.ActiveCfg = Debug|Any CPU
		{303E3592-F204-4957-A67E-DABE7C49B72F}.Debug|x64.Build.0 = Debug|Any CPU
		{303E3592-F204-4957-A67E-DABE7C49B72F}.Debug|x86.ActiveCfg = Debug|Any CPU
		{303E3592-F204-4957-A67E-DABE7C49B72F}.Debug|x86.Build.0 = Debug|Any CPU
		{303E3592-F204-4957-A67E-DABE7C49B72F}.Release|Any CPU.ActiveCfg = Release|Any CPU
		{303E3592-F204-4957-A67E-DABE7C49B72F}.Release|Any CPU.Build.0 = Release|Any CPU
		{303E3592-F204-4957-A67E-DABE7C49B72F}.Release|ARM.ActiveCfg = Release|Any CPU
		{303E3592-F204-4957-A67E-DABE7C49B72F}.Release|ARM.Build.0 = Release|Any CPU
		{303E3592-F204-4957-A67E-DABE7C49B72F}.Release|iPhone.ActiveCfg = Release|Any CPU
		{303E3592-F204-4957-A67E-DABE7C49B72F}.Release|iPhone.Build.0 = Release|Any CPU
		{303E3592-F204-4957-A67E-DABE7C49B72F}.Release|iPhoneSimulator.ActiveCfg = Release|Any CPU
		{303E3592-F204-4957-A67E-DABE7C49B72F}.Release|iPhoneSimulator.Build.0 = Release|Any CPU
		{303E3592-F204-4957-A67E-DABE7C49B72F}.Release|x64.ActiveCfg = Release|Any CPU
		{303E3592-F204-4957-A67E-DABE7C49B72F}.Release|x64.Build.0 = Release|Any CPU
		{303E3592-F204-4957-A67E-DABE7C49B72F}.Release|x86.ActiveCfg = Release|Any CPU
		{303E3592-F204-4957-A67E-DABE7C49B72F}.Release|x86.Build.0 = Release|Any CPU
	EndGlobalSection
	GlobalSection(SolutionProperties) = preSolution
		HideSolutionNode = FALSE
	EndGlobalSection
	GlobalSection(ExtensibilityGlobals) = postSolution
		SolutionGuid = {823C5733-743C-4C96-A06E-843C21BDCFC9}
	EndGlobalSection
EndGlobal
