Microsoft Visual Studio Solution File, Format Version 12.00
# Visual Studio Version 17
VisualStudioVersion = 17.5.2.0
MinimumVisualStudioVersion = 10.0.40219.1
Project("{FAE04EC0-301F-11D3-BF4B-00C04F79EFBC}") = "HandlingAttachmentsBot", "HandlingAttachmentsBot.csproj", "{947FDB48-7EE1-28F7-422C-CADC344A6F79}"
EndProject
Global
	GlobalSection(SolutionConfigurationPlatforms) = preSolution
		Debug|Any CPU = Debug|Any CPU
		Release|Any CPU = Release|Any CPU
	EndGlobalSection
	GlobalSection(ProjectConfigurationPlatforms) = postSolution
		{947FDB48-7EE1-28F7-422C-CADC344A6F79}.Debug|Any CPU.ActiveCfg = Debug|Any CPU
		{947FDB48-7EE1-28F7-422C-CADC344A6F79}.Debug|Any CPU.Build.0 = Debug|Any CPU
		{947FDB48-7EE1-28F7-422C-CADC344A6F79}.Release|Any CPU.ActiveCfg = Release|Any CPU
		{947FDB48-7EE1-28F7-422C-CADC344A6F79}.Release|Any CPU.Build.0 = Release|Any CPU
	EndGlobalSection
	GlobalSection(SolutionProperties) = preSolution
		HideSolutionNode = FALSE
	EndGlobalSection
	GlobalSection(ExtensibilityGlobals) = postSolution
		SolutionGuid = {F4B3DA7F-690A-4A8F-8DAF-2004BA667EA0}
	EndGlobalSection
EndGlobal
