
Microsoft Visual Studio Solution File, Format Version 12.00
# Visual Studio Version 16
VisualStudioVersion = 16.0.30503.244
MinimumVisualStudioVersion = 10.0.40219.1
Project("{9A19103F-16F7-4668-BE54-9A1E7A4F7556}") = "RespondingWithCardsSample", "RespondingWithCardsSample\RespondingWithCardsSample.csproj", "{39D444AD-0F30-4F24-86F0-44AF9522968A}"
EndProject
Global
	GlobalSection(SolutionConfigurationPlatforms) = preSolution
		Debug|Any CPU = Debug|Any CPU
		Release|Any CPU = Release|Any CPU
	EndGlobalSection
	GlobalSection(ProjectConfigurationPlatforms) = postSolution
		{39D444AD-0F30-4F24-86F0-44AF9522968A}.Debug|Any CPU.ActiveCfg = Debug|Any CPU
		{39D444AD-0F30-4F24-86F0-44AF9522968A}.Debug|Any CPU.Build.0 = Debug|Any CPU
		{39D444AD-0F30-4F24-86F0-44AF9522968A}.Release|Any CPU.ActiveCfg = Release|Any CPU
		{39D444AD-0F30-4F24-86F0-44AF9522968A}.Release|Any CPU.Build.0 = Release|Any CPU
	EndGlobalSection
	GlobalSection(SolutionProperties) = preSolution
		HideSolutionNode = FALSE
	EndGlobalSection
	GlobalSection(ExtensibilityGlobals) = postSolution
		SolutionGuid = {0CAD4606-9ECC-4C82-8818-FBAAC54EB8A2}
	EndGlobalSection
EndGlobal
