
Microsoft Visual Studio Solution File, Format Version 12.00
# Visual Studio Version 16
VisualStudioVersion = 16.0.30503.244
MinimumVisualStudioVersion = 10.0.40219.1
Project("{9A19103F-16F7-4668-BE54-9A1E7A4F7556}") = "BasicAssistant", "BasicAssistant\BasicAssistant.csproj", "{347E9C06-1E77-4AB0-8D8A-7F93A804F203}"
EndProject
Global
	GlobalSection(SolutionConfigurationPlatforms) = preSolution
		Debug|Any CPU = Debug|Any CPU
		Release|Any CPU = Release|Any CPU
	EndGlobalSection
	GlobalSection(ProjectConfigurationPlatforms) = postSolution
		{347E9C06-1E77-4AB0-8D8A-7F93A804F203}.Debug|Any CPU.ActiveCfg = Debug|Any CPU
		{347E9C06-1E77-4AB0-8D8A-7F93A804F203}.Debug|Any CPU.Build.0 = Debug|Any CPU
		{347E9C06-1E77-4AB0-8D8A-7F93A804F203}.Release|Any CPU.ActiveCfg = Release|Any CPU
		{347E9C06-1E77-4AB0-8D8A-7F93A804F203}.Release|Any CPU.Build.0 = Release|Any CPU
	EndGlobalSection
	GlobalSection(SolutionProperties) = preSolution
		HideSolutionNode = FALSE
	EndGlobalSection
	GlobalSection(ExtensibilityGlobals) = postSolution
		SolutionGuid = {6A8BB40B-D825-4DE8-ABB7-03B53601538E}
	EndGlobalSection
EndGlobal
