
Microsoft Visual Studio Solution File, Format Version 12.00
# Visual Studio 15
VisualStudioVersion = 15.0.28307.329
MinimumVisualStudioVersion = 10.0.40219.1
Project("{FAE04EC0-301F-11D3-BF4B-00C04F79EFBC}") = "QnAPrompting", "QnAPrompting.csproj", "{03026067-A12C-41AA-A07D-83D3E2F4CDB6}"
EndProject
Global
	GlobalSection(SolutionConfigurationPlatforms) = preSolution
		Debug|Any CPU = Debug|Any CPU
		Release|Any CPU = Release|Any CPU
	EndGlobalSection
	GlobalSection(ProjectConfigurationPlatforms) = postSolution
		{03026067-A12C-41AA-A07D-83D3E2F4CDB6}.Debug|Any CPU.ActiveCfg = Debug|Any CPU
		{03026067-A12C-41AA-A07D-83D3E2F4CDB6}.Debug|Any CPU.Build.0 = Debug|Any CPU
		{03026067-A12C-41AA-A07D-83D3E2F4CDB6}.Release|Any CPU.ActiveCfg = Release|Any CPU
		{03026067-A12C-41AA-A07D-83D3E2F4CDB6}.Release|Any CPU.Build.0 = Release|Any CPU
	EndGlobalSection
	GlobalSection(SolutionProperties) = preSolution
		HideSolutionNode = FALSE
	EndGlobalSection
	GlobalSection(ExtensibilityGlobals) = postSolution
		SolutionGuid = {D5A412AE-8DC3-41D4-8FFE-16A3B307990B}
	EndGlobalSection
EndGlobal
