
Microsoft Visual Studio Solution File, Format Version 12.00
# Visual Studio Version 16
VisualStudioVersion = 16.0.30128.74
MinimumVisualStudioVersion = 10.0.40219.1
Project("{9A19103F-16F7-4668-BE54-9A1E7A4F7556}") = "LivePersonProxyAssistant", "LivePersonProxyAssistant.csproj", "{731C13F4-3C12-4534-A150-B8EAE3D06D2F}"
EndProject
Project("{9A19103F-16F7-4668-BE54-9A1E7A4F7556}") = "LivePersonConnector", "..\LivePersonConnector\LivePersonConnector.csproj", "{09BBF3CF-41DB-423F-ABF6-8E93DD065EFB}"
EndProject
Global
	GlobalSection(SolutionConfigurationPlatforms) = preSolution
		Debug|Any CPU = Debug|Any CPU
		Release|Any CPU = Release|Any CPU
	EndGlobalSection
	GlobalSection(ProjectConfigurationPlatforms) = postSolution
		{731C13F4-3C12-4534-A150-B8EAE3D06D2F}.Debug|Any CPU.ActiveCfg = Debug|Any CPU
		{731C13F4-3C12-4534-A150-B8EAE3D06D2F}.Debug|Any CPU.Build.0 = Debug|Any CPU
		{731C13F4-3C12-4534-A150-B8EAE3D06D2F}.Release|Any CPU.ActiveCfg = Release|Any CPU
		{731C13F4-3C12-4534-A150-B8EAE3D06D2F}.Release|Any CPU.Build.0 = Release|Any CPU
		{09BBF3CF-41DB-423F-ABF6-8E93DD065EFB}.Debug|Any CPU.ActiveCfg = Debug|Any CPU
		{09BBF3CF-41DB-423F-ABF6-8E93DD065EFB}.Debug|Any CPU.Build.0 = Debug|Any CPU
		{09BBF3CF-41DB-423F-ABF6-8E93DD065EFB}.Release|Any CPU.ActiveCfg = Release|Any CPU
		{09BBF3CF-41DB-423F-ABF6-8E93DD065EFB}.Release|Any CPU.Build.0 = Release|Any CPU
	EndGlobalSection
	GlobalSection(SolutionProperties) = preSolution
		HideSolutionNode = FALSE
	EndGlobalSection
	GlobalSection(ExtensibilityGlobals) = postSolution
		SolutionGuid = {CDA73E4D-8230-4815-810F-3030B86F9505}
	EndGlobalSection
EndGlobal
