
Microsoft Visual Studio Solution File, Format Version 12.00
# Visual Studio Version 16
VisualStudioVersion = 16.0.29519.181
MinimumVisualStudioVersion = 10.0.40219.1
Project("{9A19103F-16F7-4668-BE54-9A1E7A4F7556}") = "RootBot", "RootBot\RootBot.csproj", "{966E5AB4-0697-4F8B-99CE-A80AE262A10A}"
EndProject
Project("{9A19103F-16F7-4668-BE54-9A1E7A4F7556}") = "SkillBot", "SkillBot\SkillBot.csproj", "{5345ACF8-8695-4148-A8A5-44F335450297}"
EndProject
Project("{2150E333-8FDC-42A3-9474-1A3956D46DE8}") = "Solution Items", "Solution Items", "{EC72D0A6-71CD-4A94-A1D8-F30D92633514}"
	ProjectSection(SolutionItems) = preProject
		README.md = README.md
	EndProjectSection
EndProject
Global
	GlobalSection(SolutionConfigurationPlatforms) = preSolution
		Debug|Any CPU = Debug|Any CPU
		Release|Any CPU = Release|Any CPU
	EndGlobalSection
	GlobalSection(ProjectConfigurationPlatforms) = postSolution
		{966E5AB4-0697-4F8B-99CE-A80AE262A10A}.Debug|Any CPU.ActiveCfg = Debug|Any CPU
		{966E5AB4-0697-4F8B-99CE-A80AE262A10A}.Debug|Any CPU.Build.0 = Debug|Any CPU
		{966E5AB4-0697-4F8B-99CE-A80AE262A10A}.Release|Any CPU.ActiveCfg = Release|Any CPU
		{966E5AB4-0697-4F8B-99CE-A80AE262A10A}.Release|Any CPU.Build.0 = Release|Any CPU
		{5345ACF8-8695-4148-A8A5-44F335450297}.Debug|Any CPU.ActiveCfg = Debug|Any CPU
		{5345ACF8-8695-4148-A8A5-44F335450297}.Debug|Any CPU.Build.0 = Debug|Any CPU
		{5345ACF8-8695-4148-A8A5-44F335450297}.Release|Any CPU.ActiveCfg = Release|Any CPU
		{5345ACF8-8695-4148-A8A5-44F335450297}.Release|Any CPU.Build.0 = Release|Any CPU
	EndGlobalSection
	GlobalSection(SolutionProperties) = preSolution
		HideSolutionNode = FALSE
	EndGlobalSection
	GlobalSection(ExtensibilityGlobals) = postSolution
		SolutionGuid = {978F195B-2048-4D19-AA0E-025407640208}
	EndGlobalSection
EndGlobal
