
Microsoft Visual Studio Solution File, Format Version 12.00
# Visual Studio Version 16
VisualStudioVersion = 16.0.28803.156
MinimumVisualStudioVersion = 10.0.40219.1
Project("{9A19103F-16F7-4668-BE54-9A1E7A4F7556}") = "CoreBot", "13.core-bot\CoreBot.csproj", "{7193E992-8ADA-4817-B060-C1078F404FB7}"
EndProject
Project("{9A19103F-16F7-4668-BE54-9A1E7A4F7556}") = "CardsBot", "06.using-cards\CardsBot.csproj", "{45FCC289-E9E1-4517-BC81-247F8EB041A2}"
EndProject
Project("{9A19103F-16F7-4668-BE54-9A1E7A4F7556}") = "MultiTurnPromptBot", "05.multi-turn-prompt\MultiTurnPromptBot.csproj", "{895E4CB5-2257-43F6-B396-77B112A0BE06}"
EndProject
Project("{FAE04EC0-301F-11D3-BF4B-00C04F79EFBC}") = "MultiTurnMultiLingualPromptBot", "05.a.multi-turn-prompt-with-language-fallback\MultiTurnMultiLingualPromptBot.csproj", "{740D0943-8D76-4EF5-A73F-1CC441511229}"
EndProject
Global
	GlobalSection(SolutionConfigurationPlatforms) = preSolution
		Debug|Any CPU = Debug|Any CPU
		Release|Any CPU = Release|Any CPU
	EndGlobalSection
	GlobalSection(ProjectConfigurationPlatforms) = postSolution
		{7193E992-8ADA-4817-B060-C1078F404FB7}.Debug|Any CPU.ActiveCfg = Debug|Any CPU
		{7193E992-8ADA-4817-B060-C1078F404FB7}.Debug|Any CPU.Build.0 = Debug|Any CPU
		{7193E992-8ADA-4817-B060-C1078F404FB7}.Release|Any CPU.ActiveCfg = Release|Any CPU
		{7193E992-8ADA-4817-B060-C1078F404FB7}.Release|Any CPU.Build.0 = Release|Any CPU
		{45FCC289-E9E1-4517-BC81-247F8EB041A2}.Debug|Any CPU.ActiveCfg = Debug|Any CPU
		{45FCC289-E9E1-4517-BC81-247F8EB041A2}.Debug|Any CPU.Build.0 = Debug|Any CPU
		{45FCC289-E9E1-4517-BC81-247F8EB041A2}.Release|Any CPU.ActiveCfg = Release|Any CPU
		{45FCC289-E9E1-4517-BC81-247F8EB041A2}.Release|Any CPU.Build.0 = Release|Any CPU
		{895E4CB5-2257-43F6-B396-77B112A0BE06}.Debug|Any CPU.ActiveCfg = Debug|Any CPU
		{895E4CB5-2257-43F6-B396-77B112A0BE06}.Debug|Any CPU.Build.0 = Debug|Any CPU
		{895E4CB5-2257-43F6-B396-77B112A0BE06}.Release|Any CPU.ActiveCfg = Release|Any CPU
		{895E4CB5-2257-43F6-B396-77B112A0BE06}.Release|Any CPU.Build.0 = Release|Any CPU
		{740D0943-8D76-4EF5-A73F-1CC441511229}.Debug|Any CPU.ActiveCfg = Debug|Any CPU
		{740D0943-8D76-4EF5-A73F-1CC441511229}.Debug|Any CPU.Build.0 = Debug|Any CPU
		{740D0943-8D76-4EF5-A73F-1CC441511229}.Release|Any CPU.ActiveCfg = Release|Any CPU
		{740D0943-8D76-4EF5-A73F-1CC441511229}.Release|Any CPU.Build.0 = Release|Any CPU
	EndGlobalSection
	GlobalSection(SolutionProperties) = preSolution
		HideSolutionNode = FALSE
	EndGlobalSection
	GlobalSection(ExtensibilityGlobals) = postSolution
		SolutionGuid = {21FAF271-4057-4CCA-9834-97919007CD5E}
	EndGlobalSection
EndGlobal
