
Microsoft Visual Studio Solution File, Format Version 12.00
# Visual Studio Version 16
VisualStudioVersion = 16.0.28803.156
MinimumVisualStudioVersion = 10.0.40219.1
Project("{9A19103F-16F7-4668-BE54-9A1E7A4F7556}") = "MultiTurnPromptBot", "05.multi-turn-prompt\MultiTurnPromptBot.csproj", "{18E32261-C166-4F62-8115-1A5115D6B6B1}"
EndProject
Project("{9A19103F-16F7-4668-BE54-9A1E7A4F7556}") = "CardsBot", "06.using-cards\CardsBot.csproj", "{1687FA0F-8E75-4A67-8D67-C0437D7AA7A0}"
EndProject
Global
	GlobalSection(SolutionConfigurationPlatforms) = preSolution
		Debug|Any CPU = Debug|Any CPU
		Release|Any CPU = Release|Any CPU
	EndGlobalSection
	GlobalSection(ProjectConfigurationPlatforms) = postSolution
		{18E32261-C166-4F62-8115-1A5115D6B6B1}.Debug|Any CPU.ActiveCfg = Debug|Any CPU
		{18E32261-C166-4F62-8115-1A5115D6B6B1}.Debug|Any CPU.Build.0 = Debug|Any CPU
		{18E32261-C166-4F62-8115-1A5115D6B6B1}.Release|Any CPU.ActiveCfg = Release|Any CPU
		{18E32261-C166-4F62-8115-1A5115D6B6B1}.Release|Any CPU.Build.0 = Release|Any CPU
		{1687FA0F-8E75-4A67-8D67-C0437D7AA7A0}.Debug|Any CPU.ActiveCfg = Debug|Any CPU
		{1687FA0F-8E75-4A67-8D67-C0437D7AA7A0}.Debug|Any CPU.Build.0 = Debug|Any CPU
		{1687FA0F-8E75-4A67-8D67-C0437D7AA7A0}.Release|Any CPU.ActiveCfg = Release|Any CPU
		{1687FA0F-8E75-4A67-8D67-C0437D7AA7A0}.Release|Any CPU.Build.0 = Release|Any CPU
	EndGlobalSection
	GlobalSection(SolutionProperties) = preSolution
		HideSolutionNode = FALSE
	EndGlobalSection
	GlobalSection(ExtensibilityGlobals) = postSolution
		SolutionGuid = {21FAF271-4057-4CCA-9834-97919007CD5E}
	EndGlobalSection
EndGlobal
