
Microsoft Visual Studio Solution File, Format Version 12.00
# Visual Studio Version 16
VisualStudioVersion = 16.0.28803.156
MinimumVisualStudioVersion = 10.0.40219.1
Project("{9A19103F-16F7-4668-BE54-9A1E7A4F7556}") = "ToDoBotWithLUIS", "todo-bot\ToDoBotWithLUIS.csproj", "{96C62388-1C74-415E-AC7C-87857D411FEE}"
EndProject
Project("{9A19103F-16F7-4668-BE54-9A1E7A4F7556}") = "MultiTurnPromptBot", "02.multi-turn-prompt\MultiTurnPromptBot.csproj", "{F11DAB67-2480-4F3D-875A-2FD488AB73F9}"
EndProject
Project("{9A19103F-16F7-4668-BE54-9A1E7A4F7556}") = "CardsBot", "03.using-cards\CardsBot.csproj", "{A9C604F4-4D82-42C9-A63B-C1C76F604836}"
EndProject
Project("{9A19103F-16F7-4668-BE54-9A1E7A4F7556}") = "CoreBot", "04.core-bot\CoreBot.csproj", "{C1CBDFCC-D741-4D76-9999-2975E32953BD}"
EndProject
Global
	GlobalSection(SolutionConfigurationPlatforms) = preSolution
		Debug|Any CPU = Debug|Any CPU
		Release|Any CPU = Release|Any CPU
	EndGlobalSection
	GlobalSection(ProjectConfigurationPlatforms) = postSolution
		{96C62388-1C74-415E-AC7C-87857D411FEE}.Debug|Any CPU.ActiveCfg = Debug|Any CPU
		{96C62388-1C74-415E-AC7C-87857D411FEE}.Debug|Any CPU.Build.0 = Debug|Any CPU
		{96C62388-1C74-415E-AC7C-87857D411FEE}.Release|Any CPU.ActiveCfg = Release|Any CPU
		{96C62388-1C74-415E-AC7C-87857D411FEE}.Release|Any CPU.Build.0 = Release|Any CPU
		{F11DAB67-2480-4F3D-875A-2FD488AB73F9}.Debug|Any CPU.ActiveCfg = Debug|Any CPU
		{F11DAB67-2480-4F3D-875A-2FD488AB73F9}.Debug|Any CPU.Build.0 = Debug|Any CPU
		{F11DAB67-2480-4F3D-875A-2FD488AB73F9}.Release|Any CPU.ActiveCfg = Release|Any CPU
		{F11DAB67-2480-4F3D-875A-2FD488AB73F9}.Release|Any CPU.Build.0 = Release|Any CPU
		{A9C604F4-4D82-42C9-A63B-C1C76F604836}.Debug|Any CPU.ActiveCfg = Debug|Any CPU
		{A9C604F4-4D82-42C9-A63B-C1C76F604836}.Debug|Any CPU.Build.0 = Debug|Any CPU
		{A9C604F4-4D82-42C9-A63B-C1C76F604836}.Release|Any CPU.ActiveCfg = Release|Any CPU
		{A9C604F4-4D82-42C9-A63B-C1C76F604836}.Release|Any CPU.Build.0 = Release|Any CPU
		{C1CBDFCC-D741-4D76-9999-2975E32953BD}.Debug|Any CPU.ActiveCfg = Debug|Any CPU
		{C1CBDFCC-D741-4D76-9999-2975E32953BD}.Debug|Any CPU.Build.0 = Debug|Any CPU
		{C1CBDFCC-D741-4D76-9999-2975E32953BD}.Release|Any CPU.ActiveCfg = Release|Any CPU
		{C1CBDFCC-D741-4D76-9999-2975E32953BD}.Release|Any CPU.Build.0 = Release|Any CPU
	EndGlobalSection
	GlobalSection(SolutionProperties) = preSolution
		HideSolutionNode = FALSE
	EndGlobalSection
	GlobalSection(ExtensibilityGlobals) = postSolution
		SolutionGuid = {21FAF271-4057-4CCA-9834-97919007CD5E}
	EndGlobalSection
EndGlobal
