
Microsoft Visual Studio Solution File, Format Version 12.00
# Visual Studio Version 16
VisualStudioVersion = 16.0.30503.244
MinimumVisualStudioVersion = 10.0.40219.1
Project("{9A19103F-16F7-4668-BE54-9A1E7A4F7556}") = "EchoBot", "EchoBot\EchoBot.csproj", "{83FA6300-5CDD-4BAC-AE93-BB5BF4DFEAB8}"
EndProject
Global
	GlobalSection(SolutionConfigurationPlatforms) = preSolution
		Debug|Any CPU = Debug|Any CPU
		Release|Any CPU = Release|Any CPU
	EndGlobalSection
	GlobalSection(ProjectConfigurationPlatforms) = postSolution
		{83FA6300-5CDD-4BAC-AE93-BB5BF4DFEAB8}.Debug|Any CPU.ActiveCfg = Debug|Any CPU
		{83FA6300-5CDD-4BAC-AE93-BB5BF4DFEAB8}.Debug|Any CPU.Build.0 = Debug|Any CPU
		{83FA6300-5CDD-4BAC-AE93-BB5BF4DFEAB8}.Release|Any CPU.ActiveCfg = Release|Any CPU
		{83FA6300-5CDD-4BAC-AE93-BB5BF4DFEAB8}.Release|Any CPU.Build.0 = Release|Any CPU
	EndGlobalSection
	GlobalSection(SolutionProperties) = preSolution
		HideSolutionNode = FALSE
	EndGlobalSection
	GlobalSection(ExtensibilityGlobals) = postSolution
		SolutionGuid = {47C9B1C2-0327-48E5-9F61-BD62E124B749}
	EndGlobalSection
EndGlobal
